// !$*UTF8*$!
{
	archiveVersion = 1;
	classes = {
	};
	objectVersion = 46;
	objects = {

/* Begin PBXBuildFile section */
		A1A3C3A91102ABFD5B3FEB2A /* libPods.a in Frameworks */ = {isa = PBXBuildFile; fileRef = 515E91EAE63300E20C3F8F20 /* libPods.a */; };
		AA433BD1109CD2B400EDBB73 /* gpl.txt in Resources */ = {isa = PBXBuildFile; fileRef = AA433BCF109CD2B400EDBB73 /* gpl.txt */; };
		AA5E172C1C0E2CA900ED53AA /* jre-8u66-macosx-x64.dmg in Resources */ = {isa = PBXBuildFile; fileRef = AA5E172B1C0E2CA900ED53AA /* jre-8u66-macosx-x64.dmg */; };
		AA621C931C1CF0DA00A1C4A5 /* FNAppDelegate.m in Sources */ = {isa = PBXBuildFile; fileRef = AA621C791C1CF0DA00A1C4A5 /* FNAppDelegate.m */; };
		AA621C941C1CF0DA00A1C4A5 /* FNBrowser.m in Sources */ = {isa = PBXBuildFile; fileRef = AA621C7B1C1CF0DA00A1C4A5 /* FNBrowser.m */; };
		AA621C951C1CF0DA00A1C4A5 /* FNConfigParser.m in Sources */ = {isa = PBXBuildFile; fileRef = AA621C7D1C1CF0DA00A1C4A5 /* FNConfigParser.m */; };
		AA621C961C1CF0DA00A1C4A5 /* FNDropdownMenu.xib in Resources */ = {isa = PBXBuildFile; fileRef = AA621C7E1C1CF0DA00A1C4A5 /* FNDropdownMenu.xib */; };
		AA621C971C1CF0DA00A1C4A5 /* FNDropdownMenuController.m in Sources */ = {isa = PBXBuildFile; fileRef = AA621C801C1CF0DA00A1C4A5 /* FNDropdownMenuController.m */; };
		AA621C981C1CF0DA00A1C4A5 /* FNFCPWrapper.m in Sources */ = {isa = PBXBuildFile; fileRef = AA621C821C1CF0DA00A1C4A5 /* FNFCPWrapper.m */; };
		AA621C991C1CF0DA00A1C4A5 /* FNHelpers.m in Sources */ = {isa = PBXBuildFile; fileRef = AA621C841C1CF0DA00A1C4A5 /* FNHelpers.m */; };
		AA621C9A1C1CF0DA00A1C4A5 /* FNInstallerDestinationView.xib in Resources */ = {isa = PBXBuildFile; fileRef = AA621C851C1CF0DA00A1C4A5 /* FNInstallerDestinationView.xib */; };
		AA621C9B1C1CF0DA00A1C4A5 /* FNInstallerDestinationViewController.m in Sources */ = {isa = PBXBuildFile; fileRef = AA621C871C1CF0DA00A1C4A5 /* FNInstallerDestinationViewController.m */; };
		AA621C9C1C1CF0DA00A1C4A5 /* FNInstallerProgressView.xib in Resources */ = {isa = PBXBuildFile; fileRef = AA621C881C1CF0DA00A1C4A5 /* FNInstallerProgressView.xib */; };
		AA621C9D1C1CF0DA00A1C4A5 /* FNInstallerProgressViewController.m in Sources */ = {isa = PBXBuildFile; fileRef = AA621C8A1C1CF0DA00A1C4A5 /* FNInstallerProgressViewController.m */; };
		AA621C9E1C1CF0DA00A1C4A5 /* FNInstallerWindow.xib in Resources */ = {isa = PBXBuildFile; fileRef = AA621C8B1C1CF0DA00A1C4A5 /* FNInstallerWindow.xib */; };
		AA621C9F1C1CF0DA00A1C4A5 /* FNInstallerWindowController.m in Sources */ = {isa = PBXBuildFile; fileRef = AA621C8D1C1CF0DA00A1C4A5 /* FNInstallerWindowController.m */; };
		AA621CA01C1CF0DA00A1C4A5 /* FNNodeController.m in Sources */ = {isa = PBXBuildFile; fileRef = AA621C8F1C1CF0DA00A1C4A5 /* FNNodeController.m */; };
		AA621CA11C1CF0DA00A1C4A5 /* FNSettingsWindow.xib in Resources */ = {isa = PBXBuildFile; fileRef = AA621C901C1CF0DA00A1C4A5 /* FNSettingsWindow.xib */; };
		AA621CA21C1CF0DA00A1C4A5 /* FNSettingsWindowController.m in Sources */ = {isa = PBXBuildFile; fileRef = AA621C921C1CF0DA00A1C4A5 /* FNSettingsWindowController.m */; };
		AA621CAA1C1CF10800A1C4A5 /* FNConstants.m in Sources */ = {isa = PBXBuildFile; fileRef = AA621CA41C1CF10800A1C4A5 /* FNConstants.m */; };
		AA621CAB1C1CF10800A1C4A5 /* main.m in Sources */ = {isa = PBXBuildFile; fileRef = AA621CA71C1CF10800A1C4A5 /* main.m */; };
		AA621CAC1C1CF10800A1C4A5 /* TrayIcon.m in Sources */ = {isa = PBXBuildFile; fileRef = AA621CA91C1CF10800A1C4A5 /* TrayIcon.m */; };
		AA621CB01C1CF12B00A1C4A5 /* installer_background.png in Resources */ = {isa = PBXBuildFile; fileRef = AA621CAE1C1CF12B00A1C4A5 /* installer_background.png */; };
		AA621CB21C1CF13900A1C4A5 /* defaults.plist in Resources */ = {isa = PBXBuildFile; fileRef = AA621CB11C1CF13900A1C4A5 /* defaults.plist */; };
		AA621CB41C1CF14500A1C4A5 /* main.xib in Resources */ = {isa = PBXBuildFile; fileRef = AA621CB31C1CF14500A1C4A5 /* main.xib */; };
		AA9BE2EE1C1B774000345C77 /* verify.py in Resources */ = {isa = PBXBuildFile; fileRef = AA9BE2ED1C1B774000345C77 /* verify.py */; };
		AAD6891D1BD17CF500942738 /* Bundled Node in Resources */ = {isa = PBXBuildFile; fileRef = AAD6891C1BD17CF500942738 /* Bundled Node */; };
		AAE306F01BF6DEC900C4EC1D /* Acknowledgments.rtf in Resources */ = {isa = PBXBuildFile; fileRef = AAE306EE1BF6DEC900C4EC1D /* Acknowledgments.rtf */; };
		AAE306F11BF6DEC900C4EC1D /* Credits.rtf in Resources */ = {isa = PBXBuildFile; fileRef = AAE306EF1BF6DEC900C4EC1D /* Credits.rtf */; };
		AAE306F31BF920EE00C4EC1D /* Images.xcassets in Resources */ = {isa = PBXBuildFile; fileRef = AAE306F21BF920EE00C4EC1D /* Images.xcassets */; };
		AAEF3AEE1AD6313800A4B475 /* README.md in Resources */ = {isa = PBXBuildFile; fileRef = AAEF3AED1AD6313800A4B475 /* README.md */; };
		AAF73D871C174ABF0006D1E1 /* FreenetTrayTests.m in Sources */ = {isa = PBXBuildFile; fileRef = AAF73D861C174ABF0006D1E1 /* FreenetTrayTests.m */; };
/* End PBXBuildFile section */

/* Begin PBXContainerItemProxy section */
		AAF73D891C174ABF0006D1E1 /* PBXContainerItemProxy */ = {
			isa = PBXContainerItemProxy;
			containerPortal = 29B97313FDCFA39411CA2CEA /* Project object */;
			proxyType = 1;
			remoteGlobalIDString = 8D1107260486CEB800E47090;
			remoteInfo = FreenetTray;
		};
/* End PBXContainerItemProxy section */

/* Begin PBXCopyFilesBuildPhase section */
		AA1E62C00FE21D5E000CEF5F /* CopyFiles */ = {
			isa = PBXCopyFilesBuildPhase;
			buildActionMask = 2147483647;
			dstPath = "";
			dstSubfolderSpec = 10;
			files = (
			);
			runOnlyForDeploymentPostprocessing = 0;
		};
/* End PBXCopyFilesBuildPhase section */

/* Begin PBXFileReference section */
		089C165DFE840E0CC02AAC07 /* English */ = {isa = PBXFileReference; fileEncoding = 10; lastKnownFileType = text.plist.strings; name = English; path = English.lproj/InfoPlist.strings; sourceTree = "<group>"; };
		515E91EAE63300E20C3F8F20 /* libPods.a */ = {isa = PBXFileReference; explicitFileType = archive.ar; includeInIndex = 0; path = libPods.a; sourceTree = BUILT_PRODUCTS_DIR; };
		7668840DB50BE74D5B133229 /* Pods.release.xcconfig */ = {isa = PBXFileReference; includeInIndex = 1; lastKnownFileType = text.xcconfig; name = Pods.release.xcconfig; path = "Pods/Target Support Files/Pods/Pods.release.xcconfig"; sourceTree = "<group>"; };
		7F21DDF0A3951D9AB1FAFC42 /* Pods.debug.xcconfig */ = {isa = PBXFileReference; includeInIndex = 1; lastKnownFileType = text.xcconfig; name = Pods.debug.xcconfig; path = "Pods/Target Support Files/Pods/Pods.debug.xcconfig"; sourceTree = "<group>"; };
		8D1107320486CEB800E47090 /* FreenetTray.app */ = {isa = PBXFileReference; explicitFileType = wrapper.application; includeInIndex = 0; path = FreenetTray.app; sourceTree = BUILT_PRODUCTS_DIR; };
		AA433BCF109CD2B400EDBB73 /* gpl.txt */ = {isa = PBXFileReference; fileEncoding = 4; lastKnownFileType = text; path = gpl.txt; sourceTree = "<group>"; };
		AA5E172B1C0E2CA900ED53AA /* jre-8u66-macosx-x64.dmg */ = {isa = PBXFileReference; lastKnownFileType = file; path = "jre-8u66-macosx-x64.dmg"; sourceTree = "<group>"; };
		AA621C391C1BC46E00A1C4A5 /* .travis.yml */ = {isa = PBXFileReference; fileEncoding = 4; lastKnownFileType = text; path = .travis.yml; sourceTree = "<group>"; };
		AA621C781C1CF0DA00A1C4A5 /* FNAppDelegate.h */ = {isa = PBXFileReference; fileEncoding = 4; lastKnownFileType = sourcecode.c.h; name = FNAppDelegate.h; path = FreenetTray/FNAppDelegate.h; sourceTree = "<group>"; };
		AA621C791C1CF0DA00A1C4A5 /* FNAppDelegate.m */ = {isa = PBXFileReference; fileEncoding = 4; lastKnownFileType = sourcecode.c.objc; name = FNAppDelegate.m; path = FreenetTray/FNAppDelegate.m; sourceTree = "<group>"; };
		AA621C7A1C1CF0DA00A1C4A5 /* FNBrowser.h */ = {isa = PBXFileReference; fileEncoding = 4; lastKnownFileType = sourcecode.c.h; name = FNBrowser.h; path = FreenetTray/FNBrowser.h; sourceTree = "<group>"; };
		AA621C7B1C1CF0DA00A1C4A5 /* FNBrowser.m */ = {isa = PBXFileReference; fileEncoding = 4; lastKnownFileType = sourcecode.c.objc; name = FNBrowser.m; path = FreenetTray/FNBrowser.m; sourceTree = "<group>"; };
		AA621C7C1C1CF0DA00A1C4A5 /* FNConfigParser.h */ = {isa = PBXFileReference; fileEncoding = 4; lastKnownFileType = sourcecode.c.h; name = FNConfigParser.h; path = FreenetTray/FNConfigParser.h; sourceTree = "<group>"; };
		AA621C7D1C1CF0DA00A1C4A5 /* FNConfigParser.m */ = {isa = PBXFileReference; fileEncoding = 4; lastKnownFileType = sourcecode.c.objc; name = FNConfigParser.m; path = FreenetTray/FNConfigParser.m; sourceTree = "<group>"; };
		AA621C7E1C1CF0DA00A1C4A5 /* FNDropdownMenu.xib */ = {isa = PBXFileReference; fileEncoding = 4; lastKnownFileType = file.xib; name = FNDropdownMenu.xib; path = FreenetTray/FNDropdownMenu.xib; sourceTree = "<group>"; };
		AA621C7F1C1CF0DA00A1C4A5 /* FNDropdownMenuController.h */ = {isa = PBXFileReference; fileEncoding = 4; lastKnownFileType = sourcecode.c.h; name = FNDropdownMenuController.h; path = FreenetTray/FNDropdownMenuController.h; sourceTree = "<group>"; };
		AA621C801C1CF0DA00A1C4A5 /* FNDropdownMenuController.m */ = {isa = PBXFileReference; fileEncoding = 4; lastKnownFileType = sourcecode.c.objc; name = FNDropdownMenuController.m; path = FreenetTray/FNDropdownMenuController.m; sourceTree = "<group>"; };
		AA621C811C1CF0DA00A1C4A5 /* FNFCPWrapper.h */ = {isa = PBXFileReference; fileEncoding = 4; lastKnownFileType = sourcecode.c.h; name = FNFCPWrapper.h; path = FreenetTray/FNFCPWrapper.h; sourceTree = "<group>"; };
		AA621C821C1CF0DA00A1C4A5 /* FNFCPWrapper.m */ = {isa = PBXFileReference; fileEncoding = 4; lastKnownFileType = sourcecode.c.objc; name = FNFCPWrapper.m; path = FreenetTray/FNFCPWrapper.m; sourceTree = "<group>"; };
		AA621C831C1CF0DA00A1C4A5 /* FNHelpers.h */ = {isa = PBXFileReference; fileEncoding = 4; lastKnownFileType = sourcecode.c.h; name = FNHelpers.h; path = FreenetTray/FNHelpers.h; sourceTree = "<group>"; };
		AA621C841C1CF0DA00A1C4A5 /* FNHelpers.m */ = {isa = PBXFileReference; fileEncoding = 4; lastKnownFileType = sourcecode.c.objc; name = FNHelpers.m; path = FreenetTray/FNHelpers.m; sourceTree = "<group>"; };
		AA621C851C1CF0DA00A1C4A5 /* FNInstallerDestinationView.xib */ = {isa = PBXFileReference; fileEncoding = 4; lastKnownFileType = file.xib; name = FNInstallerDestinationView.xib; path = FreenetTray/FNInstallerDestinationView.xib; sourceTree = "<group>"; };
		AA621C861C1CF0DA00A1C4A5 /* FNInstallerDestinationViewController.h */ = {isa = PBXFileReference; fileEncoding = 4; lastKnownFileType = sourcecode.c.h; name = FNInstallerDestinationViewController.h; path = FreenetTray/FNInstallerDestinationViewController.h; sourceTree = "<group>"; };
		AA621C871C1CF0DA00A1C4A5 /* FNInstallerDestinationViewController.m */ = {isa = PBXFileReference; fileEncoding = 4; lastKnownFileType = sourcecode.c.objc; name = FNInstallerDestinationViewController.m; path = FreenetTray/FNInstallerDestinationViewController.m; sourceTree = "<group>"; };
		AA621C881C1CF0DA00A1C4A5 /* FNInstallerProgressView.xib */ = {isa = PBXFileReference; fileEncoding = 4; lastKnownFileType = file.xib; name = FNInstallerProgressView.xib; path = FreenetTray/FNInstallerProgressView.xib; sourceTree = "<group>"; };
		AA621C891C1CF0DA00A1C4A5 /* FNInstallerProgressViewController.h */ = {isa = PBXFileReference; fileEncoding = 4; lastKnownFileType = sourcecode.c.h; name = FNInstallerProgressViewController.h; path = FreenetTray/FNInstallerProgressViewController.h; sourceTree = "<group>"; };
		AA621C8A1C1CF0DA00A1C4A5 /* FNInstallerProgressViewController.m */ = {isa = PBXFileReference; fileEncoding = 4; lastKnownFileType = sourcecode.c.objc; name = FNInstallerProgressViewController.m; path = FreenetTray/FNInstallerProgressViewController.m; sourceTree = "<group>"; };
		AA621C8B1C1CF0DA00A1C4A5 /* FNInstallerWindow.xib */ = {isa = PBXFileReference; fileEncoding = 4; lastKnownFileType = file.xib; name = FNInstallerWindow.xib; path = FreenetTray/FNInstallerWindow.xib; sourceTree = "<group>"; };
		AA621C8C1C1CF0DA00A1C4A5 /* FNInstallerWindowController.h */ = {isa = PBXFileReference; fileEncoding = 4; lastKnownFileType = sourcecode.c.h; name = FNInstallerWindowController.h; path = FreenetTray/FNInstallerWindowController.h; sourceTree = "<group>"; };
		AA621C8D1C1CF0DA00A1C4A5 /* FNInstallerWindowController.m */ = {isa = PBXFileReference; fileEncoding = 4; lastKnownFileType = sourcecode.c.objc; name = FNInstallerWindowController.m; path = FreenetTray/FNInstallerWindowController.m; sourceTree = "<group>"; };
		AA621C8E1C1CF0DA00A1C4A5 /* FNNodeController.h */ = {isa = PBXFileReference; fileEncoding = 4; lastKnownFileType = sourcecode.c.h; name = FNNodeController.h; path = FreenetTray/FNNodeController.h; sourceTree = "<group>"; };
		AA621C8F1C1CF0DA00A1C4A5 /* FNNodeController.m */ = {isa = PBXFileReference; fileEncoding = 4; lastKnownFileType = sourcecode.c.objc; name = FNNodeController.m; path = FreenetTray/FNNodeController.m; sourceTree = "<group>"; };
		AA621C901C1CF0DA00A1C4A5 /* FNSettingsWindow.xib */ = {isa = PBXFileReference; fileEncoding = 4; lastKnownFileType = file.xib; name = FNSettingsWindow.xib; path = FreenetTray/FNSettingsWindow.xib; sourceTree = "<group>"; };
		AA621C911C1CF0DA00A1C4A5 /* FNSettingsWindowController.h */ = {isa = PBXFileReference; fileEncoding = 4; lastKnownFileType = sourcecode.c.h; name = FNSettingsWindowController.h; path = FreenetTray/FNSettingsWindowController.h; sourceTree = "<group>"; };
		AA621C921C1CF0DA00A1C4A5 /* FNSettingsWindowController.m */ = {isa = PBXFileReference; fileEncoding = 4; lastKnownFileType = sourcecode.c.objc; name = FNSettingsWindowController.m; path = FreenetTray/FNSettingsWindowController.m; sourceTree = "<group>"; };
		AA621CA31C1CF10800A1C4A5 /* FNConstants.h */ = {isa = PBXFileReference; fileEncoding = 4; lastKnownFileType = sourcecode.c.h; name = FNConstants.h; path = FreenetTray/FNConstants.h; sourceTree = "<group>"; };
		AA621CA41C1CF10800A1C4A5 /* FNConstants.m */ = {isa = PBXFileReference; fileEncoding = 4; lastKnownFileType = sourcecode.c.objc; name = FNConstants.m; path = FreenetTray/FNConstants.m; sourceTree = "<group>"; };
		AA621CA51C1CF10800A1C4A5 /* FNProtocols.h */ = {isa = PBXFileReference; fileEncoding = 4; lastKnownFileType = sourcecode.c.h; name = FNProtocols.h; path = FreenetTray/FNProtocols.h; sourceTree = "<group>"; };
		AA621CA61C1CF10800A1C4A5 /* Prefix.pch */ = {isa = PBXFileReference; fileEncoding = 4; lastKnownFileType = sourcecode.c.h; name = Prefix.pch; path = FreenetTray/Prefix.pch; sourceTree = "<group>"; };
		AA621CA71C1CF10800A1C4A5 /* main.m */ = {isa = PBXFileReference; fileEncoding = 4; lastKnownFileType = sourcecode.c.objc; name = main.m; path = FreenetTray/main.m; sourceTree = "<group>"; };
		AA621CA81C1CF10800A1C4A5 /* TrayIcon.h */ = {isa = PBXFileReference; fileEncoding = 4; lastKnownFileType = sourcecode.c.h; name = TrayIcon.h; path = FreenetTray/TrayIcon.h; sourceTree = "<group>"; };
		AA621CA91C1CF10800A1C4A5 /* TrayIcon.m */ = {isa = PBXFileReference; fileEncoding = 4; lastKnownFileType = sourcecode.c.objc; name = TrayIcon.m; path = FreenetTray/TrayIcon.m; sourceTree = "<group>"; };
		AA621CAE1C1CF12B00A1C4A5 /* installer_background.png */ = {isa = PBXFileReference; lastKnownFileType = image.png; name = installer_background.png; path = FreenetTray/installer_background.png; sourceTree = "<group>"; };
		AA621CB11C1CF13900A1C4A5 /* defaults.plist */ = {isa = PBXFileReference; fileEncoding = 4; lastKnownFileType = text.plist.xml; name = defaults.plist; path = FreenetTray/defaults.plist; sourceTree = "<group>"; };
		AA621CB31C1CF14500A1C4A5 /* main.xib */ = {isa = PBXFileReference; fileEncoding = 4; lastKnownFileType = file.xib; name = main.xib; path = FreenetTray/main.xib; sourceTree = "<group>"; };
		AA621CB71C1CF28900A1C4A5 /* Info.plist */ = {isa = PBXFileReference; fileEncoding = 4; lastKnownFileType = text.plist.xml; name = Info.plist; path = FreenetTray/Info.plist; sourceTree = "<group>"; };
		AA9BE2ED1C1B774000345C77 /* verify.py */ = {isa = PBXFileReference; fileEncoding = 4; lastKnownFileType = text.script.python; path = verify.py; sourceTree = "<group>"; };
		AAD6891C1BD17CF500942738 /* Bundled Node */ = {isa = PBXFileReference; lastKnownFileType = folder; path = "Bundled Node"; sourceTree = "<group>"; };
		AAE306EE1BF6DEC900C4EC1D /* Acknowledgments.rtf */ = {isa = PBXFileReference; fileEncoding = 4; lastKnownFileType = text.rtf; path = Acknowledgments.rtf; sourceTree = "<group>"; };
		AAE306EF1BF6DEC900C4EC1D /* Credits.rtf */ = {isa = PBXFileReference; fileEncoding = 4; lastKnownFileType = text.rtf; path = Credits.rtf; sourceTree = "<group>"; };
		AAE306F21BF920EE00C4EC1D /* Images.xcassets */ = {isa = PBXFileReference; lastKnownFileType = folder.assetcatalog; name = Images.xcassets; path = FreenetTray/Images.xcassets; sourceTree = "<group>"; };
		AAEF3AED1AD6313800A4B475 /* README.md */ = {isa = PBXFileReference; fileEncoding = 4; lastKnownFileType = net.daringfireball.markdown; path = README.md; sourceTree = "<group>"; };
		AAF73D841C174ABF0006D1E1 /* FreenetTrayTests.xctest */ = {isa = PBXFileReference; explicitFileType = wrapper.cfbundle; includeInIndex = 0; path = FreenetTrayTests.xctest; sourceTree = BUILT_PRODUCTS_DIR; };
		AAF73D861C174ABF0006D1E1 /* FreenetTrayTests.m */ = {isa = PBXFileReference; lastKnownFileType = sourcecode.c.objc; path = FreenetTrayTests.m; sourceTree = "<group>"; };
		AAF73D881C174ABF0006D1E1 /* Info.plist */ = {isa = PBXFileReference; lastKnownFileType = text.plist.xml; path = Info.plist; sourceTree = "<group>"; };
/* End PBXFileReference section */

/* Begin PBXFrameworksBuildPhase section */
		8D11072E0486CEB800E47090 /* Frameworks */ = {
			isa = PBXFrameworksBuildPhase;
			buildActionMask = 2147483647;
			files = (
				A1A3C3A91102ABFD5B3FEB2A /* libPods.a in Frameworks */,
			);
			runOnlyForDeploymentPostprocessing = 0;
		};
		AAF73D811C174ABF0006D1E1 /* Frameworks */ = {
			isa = PBXFrameworksBuildPhase;
			buildActionMask = 2147483647;
			files = (
			);
			runOnlyForDeploymentPostprocessing = 0;
		};
/* End PBXFrameworksBuildPhase section */

/* Begin PBXGroup section */
		080E96DDFE201D6D7F000001 /* Classes */ = {
			isa = PBXGroup;
			children = (
				AA621C781C1CF0DA00A1C4A5 /* FNAppDelegate.h */,
				AA621C791C1CF0DA00A1C4A5 /* FNAppDelegate.m */,
				AA621C7A1C1CF0DA00A1C4A5 /* FNBrowser.h */,
				AA621C7B1C1CF0DA00A1C4A5 /* FNBrowser.m */,
				AA621C7C1C1CF0DA00A1C4A5 /* FNConfigParser.h */,
				AA621C7D1C1CF0DA00A1C4A5 /* FNConfigParser.m */,
				AA621C7E1C1CF0DA00A1C4A5 /* FNDropdownMenu.xib */,
				AA621C7F1C1CF0DA00A1C4A5 /* FNDropdownMenuController.h */,
				AA621C801C1CF0DA00A1C4A5 /* FNDropdownMenuController.m */,
				AA621C811C1CF0DA00A1C4A5 /* FNFCPWrapper.h */,
				AA621C821C1CF0DA00A1C4A5 /* FNFCPWrapper.m */,
				AA621C831C1CF0DA00A1C4A5 /* FNHelpers.h */,
				AA621C841C1CF0DA00A1C4A5 /* FNHelpers.m */,
				AA621C851C1CF0DA00A1C4A5 /* FNInstallerDestinationView.xib */,
				AA621C861C1CF0DA00A1C4A5 /* FNInstallerDestinationViewController.h */,
				AA621C871C1CF0DA00A1C4A5 /* FNInstallerDestinationViewController.m */,
				AA621C881C1CF0DA00A1C4A5 /* FNInstallerProgressView.xib */,
				AA621C891C1CF0DA00A1C4A5 /* FNInstallerProgressViewController.h */,
				AA621C8A1C1CF0DA00A1C4A5 /* FNInstallerProgressViewController.m */,
				AA621C8B1C1CF0DA00A1C4A5 /* FNInstallerWindow.xib */,
				AA621C8C1C1CF0DA00A1C4A5 /* FNInstallerWindowController.h */,
				AA621C8D1C1CF0DA00A1C4A5 /* FNInstallerWindowController.m */,
				AA621C8E1C1CF0DA00A1C4A5 /* FNNodeController.h */,
				AA621C8F1C1CF0DA00A1C4A5 /* FNNodeController.m */,
				AA621C901C1CF0DA00A1C4A5 /* FNSettingsWindow.xib */,
				AA621C911C1CF0DA00A1C4A5 /* FNSettingsWindowController.h */,
				AA621C921C1CF0DA00A1C4A5 /* FNSettingsWindowController.m */,
			);
			name = Classes;
			sourceTree = "<group>";
		};
		19C28FACFE9D520D11CA2CBB /* Products */ = {
			isa = PBXGroup;
			children = (
				8D1107320486CEB800E47090 /* FreenetTray.app */,
				AAF73D841C174ABF0006D1E1 /* FreenetTrayTests.xctest */,
			);
			name = Products;
			sourceTree = "<group>";
		};
		25742505801476B5AF06045D /* Pods */ = {
			isa = PBXGroup;
			children = (
				7F21DDF0A3951D9AB1FAFC42 /* Pods.debug.xcconfig */,
				7668840DB50BE74D5B133229 /* Pods.release.xcconfig */,
			);
			name = Pods;
			sourceTree = "<group>";
		};
		29B97314FDCFA39411CA2CEA /* Freenet Controller */ = {
			isa = PBXGroup;
			children = (
				AA621C391C1BC46E00A1C4A5 /* .travis.yml */,
				AAD6891C1BD17CF500942738 /* Bundled Node */,
				AAF723EB1BD0D14E003BA438 /* Bundled Packages */,
				080E96DDFE201D6D7F000001 /* Classes */,
				29B97315FDCFA39411CA2CEA /* Other Sources */,
				29B97317FDCFA39411CA2CEA /* Resources */,
				AAF73D851C174ABF0006D1E1 /* FreenetTrayTests */,
				29B97323FDCFA39411CA2CEA /* Frameworks */,
				19C28FACFE9D520D11CA2CBB /* Products */,
				25742505801476B5AF06045D /* Pods */,
			);
			name = "Freenet Controller";
			sourceTree = "<group>";
		};
		29B97315FDCFA39411CA2CEA /* Other Sources */ = {
			isa = PBXGroup;
			children = (
				AA621CA31C1CF10800A1C4A5 /* FNConstants.h */,
				AA621CA41C1CF10800A1C4A5 /* FNConstants.m */,
				AA621CA51C1CF10800A1C4A5 /* FNProtocols.h */,
				AA621CA71C1CF10800A1C4A5 /* main.m */,
				AA621CB31C1CF14500A1C4A5 /* main.xib */,
				AA621CA61C1CF10800A1C4A5 /* Prefix.pch */,
				AA621CA81C1CF10800A1C4A5 /* TrayIcon.h */,
				AA621CA91C1CF10800A1C4A5 /* TrayIcon.m */,
			);
			name = "Other Sources";
			sourceTree = "<group>";
		};
		29B97317FDCFA39411CA2CEA /* Resources */ = {
			isa = PBXGroup;
			children = (
				AAE306EE1BF6DEC900C4EC1D /* Acknowledgments.rtf */,
				AAE306EF1BF6DEC900C4EC1D /* Credits.rtf */,
				AA621CB11C1CF13900A1C4A5 /* defaults.plist */,
				AA433BCF109CD2B400EDBB73 /* gpl.txt */,
				AAE306F21BF920EE00C4EC1D /* Images.xcassets */,
				AA621CB71C1CF28900A1C4A5 /* Info.plist */,
				089C165CFE840E0CC02AAC07 /* InfoPlist.strings */,
				AA621CAE1C1CF12B00A1C4A5 /* installer_background.png */,
				AAEF3AED1AD6313800A4B475 /* README.md */,
				AA9BE2ED1C1B774000345C77 /* verify.py */,
			);
			name = Resources;
			sourceTree = "<group>";
		};
		29B97323FDCFA39411CA2CEA /* Frameworks */ = {
			isa = PBXGroup;
			children = (
				515E91EAE63300E20C3F8F20 /* libPods.a */,
			);
			name = Frameworks;
			sourceTree = "<group>";
		};
		AAF723EB1BD0D14E003BA438 /* Bundled Packages */ = {
			isa = PBXGroup;
			children = (
				AA5E172B1C0E2CA900ED53AA /* jre-8u66-macosx-x64.dmg */,
			);
			path = "Bundled Packages";
			sourceTree = "<group>";
		};
		AAF73D851C174ABF0006D1E1 /* FreenetTrayTests */ = {
			isa = PBXGroup;
			children = (
				AAF73D861C174ABF0006D1E1 /* FreenetTrayTests.m */,
				AAF73D881C174ABF0006D1E1 /* Info.plist */,
			);
			path = FreenetTrayTests;
			sourceTree = "<group>";
		};
/* End PBXGroup section */

/* Begin PBXNativeTarget section */
		8D1107260486CEB800E47090 /* FreenetTray */ = {
			isa = PBXNativeTarget;
			buildConfigurationList = C01FCF4A08A954540054247B /* Build configuration list for PBXNativeTarget "FreenetTray" */;
			buildPhases = (
				A490196FA20DC2C8D219B694 /* Check Pods Manifest.lock */,
				8D1107290486CEB800E47090 /* Resources */,
				8D11072C0486CEB800E47090 /* Sources */,
				8D11072E0486CEB800E47090 /* Frameworks */,
				AA1E62C00FE21D5E000CEF5F /* CopyFiles */,
				BBC0971426AF8068F3090959 /* Copy Pods Resources */,
				BE3BB874EB968D4B8EE70079 /* Embed Pods Frameworks */,
			);
			buildRules = (
			);
			dependencies = (
			);
			name = FreenetTray;
			productInstallPath = "$(HOME)/Applications";
			productName = FreenetTray;
			productReference = 8D1107320486CEB800E47090 /* FreenetTray.app */;
			productType = "com.apple.product-type.application";
		};
		AAF73D831C174ABF0006D1E1 /* FreenetTrayTests */ = {
			isa = PBXNativeTarget;
			buildConfigurationList = AAF73D8D1C174ABF0006D1E1 /* Build configuration list for PBXNativeTarget "FreenetTrayTests" */;
			buildPhases = (
				AAF73D801C174ABF0006D1E1 /* Sources */,
				AAF73D811C174ABF0006D1E1 /* Frameworks */,
				AAF73D821C174ABF0006D1E1 /* Resources */,
			);
			buildRules = (
			);
			dependencies = (
				AAF73D8A1C174ABF0006D1E1 /* PBXTargetDependency */,
			);
			name = FreenetTrayTests;
			productName = FreenetTrayTests;
			productReference = AAF73D841C174ABF0006D1E1 /* FreenetTrayTests.xctest */;
			productType = "com.apple.product-type.bundle.unit-test";
		};
/* End PBXNativeTarget section */

/* Begin PBXProject section */
		29B97313FDCFA39411CA2CEA /* Project object */ = {
			isa = PBXProject;
			attributes = {
				LastUpgradeCheck = 0710;
				TargetAttributes = {
					AAF73D831C174ABF0006D1E1 = {
						CreatedOnToolsVersion = 7.1.1;
						TestTargetID = 8D1107260486CEB800E47090;
					};
				};
			};
			buildConfigurationList = C01FCF4E08A954540054247B /* Build configuration list for PBXProject "FreenetTray" */;
			compatibilityVersion = "Xcode 3.2";
			developmentRegion = English;
			hasScannedForEncodings = 1;
			knownRegions = (
				en,
			);
			mainGroup = 29B97314FDCFA39411CA2CEA /* Freenet Controller */;
			projectDirPath = "";
			projectRoot = "";
			targets = (
				8D1107260486CEB800E47090 /* FreenetTray */,
				AAF73D831C174ABF0006D1E1 /* FreenetTrayTests */,
			);
		};
/* End PBXProject section */

/* Begin PBXResourcesBuildPhase section */
		8D1107290486CEB800E47090 /* Resources */ = {
			isa = PBXResourcesBuildPhase;
			buildActionMask = 2147483647;
			files = (
				AA621C9E1C1CF0DA00A1C4A5 /* FNInstallerWindow.xib in Resources */,
				AAE306F11BF6DEC900C4EC1D /* Credits.rtf in Resources */,
				AA9BE2EE1C1B774000345C77 /* verify.py in Resources */,
				AA621CB21C1CF13900A1C4A5 /* defaults.plist in Resources */,
				AAE306F31BF920EE00C4EC1D /* Images.xcassets in Resources */,
				AA621CB41C1CF14500A1C4A5 /* main.xib in Resources */,
				AA621C9A1C1CF0DA00A1C4A5 /* FNInstallerDestinationView.xib in Resources */,
				AA621C9C1C1CF0DA00A1C4A5 /* FNInstallerProgressView.xib in Resources */,
				AA621CB01C1CF12B00A1C4A5 /* installer_background.png in Resources */,
				AA5E172C1C0E2CA900ED53AA /* jre-8u66-macosx-x64.dmg in Resources */,
				AAD6891D1BD17CF500942738 /* Bundled Node in Resources */,
				AAEF3AEE1AD6313800A4B475 /* README.md in Resources */,
				AAE306F01BF6DEC900C4EC1D /* Acknowledgments.rtf in Resources */,
				AA621CA11C1CF0DA00A1C4A5 /* FNSettingsWindow.xib in Resources */,
				AA433BD1109CD2B400EDBB73 /* gpl.txt in Resources */,
				AA621C961C1CF0DA00A1C4A5 /* FNDropdownMenu.xib in Resources */,
			);
			runOnlyForDeploymentPostprocessing = 0;
		};
		AAF73D821C174ABF0006D1E1 /* Resources */ = {
			isa = PBXResourcesBuildPhase;
			buildActionMask = 2147483647;
			files = (
			);
			runOnlyForDeploymentPostprocessing = 0;
		};
/* End PBXResourcesBuildPhase section */

/* Begin PBXShellScriptBuildPhase section */
		A490196FA20DC2C8D219B694 /* Check Pods Manifest.lock */ = {
			isa = PBXShellScriptBuildPhase;
			buildActionMask = 2147483647;
			files = (
			);
			inputPaths = (
			);
			name = "Check Pods Manifest.lock";
			outputPaths = (
			);
			runOnlyForDeploymentPostprocessing = 0;
			shellPath = /bin/sh;
			shellScript = "diff \"${PODS_ROOT}/../Podfile.lock\" \"${PODS_ROOT}/Manifest.lock\" > /dev/null\nif [[ $? != 0 ]] ; then\n    cat << EOM\nerror: The sandbox is not in sync with the Podfile.lock. Run 'pod install' or update your CocoaPods installation.\nEOM\n    exit 1\nfi\n";
			showEnvVarsInLog = 0;
		};
		BBC0971426AF8068F3090959 /* Copy Pods Resources */ = {
			isa = PBXShellScriptBuildPhase;
			buildActionMask = 2147483647;
			files = (
			);
			inputPaths = (
			);
			name = "Copy Pods Resources";
			outputPaths = (
			);
			runOnlyForDeploymentPostprocessing = 0;
			shellPath = /bin/sh;
			shellScript = "\"${SRCROOT}/Pods/Target Support Files/Pods/Pods-resources.sh\"\n";
			showEnvVarsInLog = 0;
		};
		BE3BB874EB968D4B8EE70079 /* Embed Pods Frameworks */ = {
			isa = PBXShellScriptBuildPhase;
			buildActionMask = 2147483647;
			files = (
			);
			inputPaths = (
			);
			name = "Embed Pods Frameworks";
			outputPaths = (
			);
			runOnlyForDeploymentPostprocessing = 0;
			shellPath = /bin/sh;
			shellScript = "\"${SRCROOT}/Pods/Target Support Files/Pods/Pods-frameworks.sh\"\n";
			showEnvVarsInLog = 0;
		};
/* End PBXShellScriptBuildPhase section */

/* Begin PBXSourcesBuildPhase section */
		8D11072C0486CEB800E47090 /* Sources */ = {
			isa = PBXSourcesBuildPhase;
			buildActionMask = 2147483647;
			files = (
				AA621C9B1C1CF0DA00A1C4A5 /* FNInstallerDestinationViewController.m in Sources */,
				AA621C951C1CF0DA00A1C4A5 /* FNConfigParser.m in Sources */,
				AA621CA21C1CF0DA00A1C4A5 /* FNSettingsWindowController.m in Sources */,
				AA621C9F1C1CF0DA00A1C4A5 /* FNInstallerWindowController.m in Sources */,
				AA621CAC1C1CF10800A1C4A5 /* TrayIcon.m in Sources */,
				AA621C941C1CF0DA00A1C4A5 /* FNBrowser.m in Sources */,
				AA621C971C1CF0DA00A1C4A5 /* FNDropdownMenuController.m in Sources */,
				AA621CAB1C1CF10800A1C4A5 /* main.m in Sources */,
				AA621CAA1C1CF10800A1C4A5 /* FNConstants.m in Sources */,
				AA621C931C1CF0DA00A1C4A5 /* FNAppDelegate.m in Sources */,
				AA621C9D1C1CF0DA00A1C4A5 /* FNInstallerProgressViewController.m in Sources */,
				AA621CA01C1CF0DA00A1C4A5 /* FNNodeController.m in Sources */,
				AA621C991C1CF0DA00A1C4A5 /* FNHelpers.m in Sources */,
				AA621C981C1CF0DA00A1C4A5 /* FNFCPWrapper.m in Sources */,
			);
			runOnlyForDeploymentPostprocessing = 0;
		};
		AAF73D801C174ABF0006D1E1 /* Sources */ = {
			isa = PBXSourcesBuildPhase;
			buildActionMask = 2147483647;
			files = (
				AAF73D871C174ABF0006D1E1 /* FreenetTrayTests.m in Sources */,
			);
			runOnlyForDeploymentPostprocessing = 0;
		};
/* End PBXSourcesBuildPhase section */

/* Begin PBXTargetDependency section */
		AAF73D8A1C174ABF0006D1E1 /* PBXTargetDependency */ = {
			isa = PBXTargetDependency;
			target = 8D1107260486CEB800E47090 /* FreenetTray */;
			targetProxy = AAF73D891C174ABF0006D1E1 /* PBXContainerItemProxy */;
		};
/* End PBXTargetDependency section */

/* Begin PBXVariantGroup section */
		089C165CFE840E0CC02AAC07 /* InfoPlist.strings */ = {
			isa = PBXVariantGroup;
			children = (
				089C165DFE840E0CC02AAC07 /* English */,
			);
			name = InfoPlist.strings;
			sourceTree = "<group>";
		};
/* End PBXVariantGroup section */

/* Begin XCBuildConfiguration section */
		AAF73D8B1C174ABF0006D1E1 /* Debug */ = {
			isa = XCBuildConfiguration;
			buildSettings = {
				ALWAYS_SEARCH_USER_PATHS = NO;
				BUNDLE_LOADER = "$(TEST_HOST)";
				CLANG_CXX_LANGUAGE_STANDARD = "gnu++0x";
				CLANG_CXX_LIBRARY = "libc++";
				CLANG_ENABLE_OBJC_ARC = YES;
				CODE_SIGN_IDENTITY = "-";
				COMBINE_HIDPI_IMAGES = YES;
				COPY_PHASE_STRIP = NO;
				DEBUG_INFORMATION_FORMAT = dwarf;
				ENABLE_TESTABILITY = YES;
				GCC_C_LANGUAGE_STANDARD = gnu99;
				GCC_DYNAMIC_NO_PIC = NO;
				GCC_NO_COMMON_BLOCKS = YES;
				GCC_PREPROCESSOR_DEFINITIONS = (
					"DEBUG=1",
					"$(inherited)",
				);
				INFOPLIST_FILE = FreenetTrayTests/Info.plist;
				LD_RUNPATH_SEARCH_PATHS = "$(inherited) @executable_path/../Frameworks @loader_path/../Frameworks";
				MACOSX_DEPLOYMENT_TARGET = 10.11;
				MTL_ENABLE_DEBUG_INFO = YES;
				PRODUCT_BUNDLE_IDENTIFIER = org.freenetproject.FreenetTrayTests;
				PRODUCT_NAME = "$(TARGET_NAME)";
				TEST_HOST = "$(BUILT_PRODUCTS_DIR)/FreenetTray.app/Contents/MacOS/FreenetTray";
			};
			name = Debug;
		};
		AAF73D8C1C174ABF0006D1E1 /* Release */ = {
			isa = XCBuildConfiguration;
			buildSettings = {
				ALWAYS_SEARCH_USER_PATHS = NO;
				BUNDLE_LOADER = "$(TEST_HOST)";
				CLANG_CXX_LANGUAGE_STANDARD = "gnu++0x";
				CLANG_CXX_LIBRARY = "libc++";
				CLANG_ENABLE_OBJC_ARC = YES;
				CODE_SIGN_IDENTITY = "-";
				COMBINE_HIDPI_IMAGES = YES;
				COPY_PHASE_STRIP = NO;
				DEBUG_INFORMATION_FORMAT = "dwarf-with-dsym";
				ENABLE_NS_ASSERTIONS = NO;
				GCC_C_LANGUAGE_STANDARD = gnu99;
				GCC_NO_COMMON_BLOCKS = YES;
				INFOPLIST_FILE = FreenetTrayTests/Info.plist;
				LD_RUNPATH_SEARCH_PATHS = "$(inherited) @executable_path/../Frameworks @loader_path/../Frameworks";
				MACOSX_DEPLOYMENT_TARGET = 10.11;
				MTL_ENABLE_DEBUG_INFO = NO;
				PRODUCT_BUNDLE_IDENTIFIER = org.freenetproject.FreenetTrayTests;
				PRODUCT_NAME = "$(TARGET_NAME)";
				TEST_HOST = "$(BUILT_PRODUCTS_DIR)/FreenetTray.app/Contents/MacOS/FreenetTray";
			};
			name = Release;
		};
		C01FCF4B08A954540054247B /* Debug */ = {
			isa = XCBuildConfiguration;
			baseConfigurationReference = 7F21DDF0A3951D9AB1FAFC42 /* Pods.debug.xcconfig */;
			buildSettings = {
				ALWAYS_SEARCH_USER_PATHS = NO;
				ASSETCATALOG_COMPILER_APPICON_NAME = AppIcon;
				CLANG_ENABLE_MODULES = YES;
				CLANG_ENABLE_OBJC_ARC = YES;
				COMBINE_HIDPI_IMAGES = YES;
				COPY_PHASE_STRIP = NO;
				CURRENT_PROJECT_VERSION = "";
				DEBUG_INFORMATION_FORMAT = "dwarf-with-dsym";
				FRAMEWORK_SEARCH_PATHS = "$(inherited)";
				GCC_DYNAMIC_NO_PIC = NO;
				GCC_ENABLE_FIX_AND_CONTINUE = YES;
				GCC_MODEL_TUNING = G5;
				GCC_OPTIMIZATION_LEVEL = 0;
				GCC_PRECOMPILE_PREFIX_HEADER = YES;
				GCC_PREFIX_HEADER = FreenetTray/Prefix.pch;
				GCC_SYMBOLS_PRIVATE_EXTERN = NO;
				HEADER_SEARCH_PATHS = "$(inherited)";
				INFOPLIST_FILE = FreenetTray/Info.plist;
				INSTALL_PATH = "$(HOME)/Applications";
				LD_RUNPATH_SEARCH_PATHS = "${inherited} @executable_path/../Frameworks";
				MACOSX_DEPLOYMENT_TARGET = 10.8;
				PRODUCT_BUNDLE_IDENTIFIER = org.freenetproject.mactray;
				PRODUCT_NAME = FreenetTray;
				SDKROOT = macosx;
			};
			name = Debug;
		};
		C01FCF4C08A954540054247B /* Release */ = {
			isa = XCBuildConfiguration;
			baseConfigurationReference = 7668840DB50BE74D5B133229 /* Pods.release.xcconfig */;
			buildSettings = {
				ALWAYS_SEARCH_USER_PATHS = NO;
				ASSETCATALOG_COMPILER_APPICON_NAME = AppIcon;
				CLANG_ENABLE_MODULES = YES;
				CLANG_ENABLE_OBJC_ARC = YES;
				COMBINE_HIDPI_IMAGES = YES;
				CURRENT_PROJECT_VERSION = "";
				DEBUG_INFORMATION_FORMAT = "dwarf-with-dsym";
				FRAMEWORK_SEARCH_PATHS = "$(inherited)";
				GCC_DYNAMIC_NO_PIC = NO;
				GCC_MODEL_TUNING = G5;
				GCC_OPTIMIZATION_LEVEL = s;
				GCC_PRECOMPILE_PREFIX_HEADER = YES;
				GCC_PREFIX_HEADER = FreenetTray/Prefix.pch;
				GCC_SYMBOLS_PRIVATE_EXTERN = NO;
				GCC_VERSION = "";
				HEADER_SEARCH_PATHS = "$(inherited)";
				INFOPLIST_FILE = FreenetTray/Info.plist;
				INSTALL_PATH = "$(HOME)/Applications";
				LD_RUNPATH_SEARCH_PATHS = "${inherited} @executable_path/../Frameworks";
				MACOSX_DEPLOYMENT_TARGET = 10.8;
				PRODUCT_BUNDLE_IDENTIFIER = org.freenetproject.mactray;
				PRODUCT_NAME = FreenetTray;
				SDKROOT = macosx;
			};
			name = Release;
		};
		C01FCF4F08A954540054247B /* Debug */ = {
			isa = XCBuildConfiguration;
			buildSettings = {
				CLANG_ENABLE_MODULES = YES;
				CLANG_WARN_BOOL_CONVERSION = YES;
				CLANG_WARN_CONSTANT_CONVERSION = YES;
				CLANG_WARN_DIRECT_OBJC_ISA_USAGE = YES_ERROR;
				CLANG_WARN_EMPTY_BODY = YES;
				CLANG_WARN_ENUM_CONVERSION = YES;
				CLANG_WARN_INT_CONVERSION = YES;
				CLANG_WARN_OBJC_ROOT_CLASS = YES_ERROR;
				CLANG_WARN_UNREACHABLE_CODE = YES;
				CLANG_WARN__DUPLICATE_METHOD_MATCH = YES;
				CURRENT_PROJECT_VERSION = "";
				ENABLE_STRICT_OBJC_MSGSEND = YES;
				ENABLE_TESTABILITY = YES;
				GCC_C_LANGUAGE_STANDARD = c99;
				GCC_OPTIMIZATION_LEVEL = 0;
				GCC_WARN_64_TO_32_BIT_CONVERSION = YES;
				GCC_WARN_ABOUT_MISSING_NEWLINE = NO;
				GCC_WARN_ABOUT_RETURN_TYPE = YES_ERROR;
				GCC_WARN_MISSING_PARENTHESES = YES;
				GCC_WARN_UNDECLARED_SELECTOR = YES;
				GCC_WARN_UNINITIALIZED_AUTOS = YES_AGGRESSIVE;
				GCC_WARN_UNUSED_FUNCTION = YES;
				GCC_WARN_UNUSED_LABEL = NO;
				GCC_WARN_UNUSED_PARAMETER = NO;
				GCC_WARN_UNUSED_VALUE = YES;
				GCC_WARN_UNUSED_VARIABLE = YES;
				HEADER_SEARCH_PATHS = (
					"$(inherited)",
					/Applications/Xcode.app/Contents/Developer/Toolchains/XcodeDefault.xctoolchain/usr/include,
				);
				MACOSX_DEPLOYMENT_TARGET = 10.8;
				ONLY_ACTIVE_ARCH = YES;
				PREBINDING = NO;
				SDKROOT = macosx;
			};
			name = Debug;
		};
		C01FCF5008A954540054247B /* Release */ = {
			isa = XCBuildConfiguration;
			buildSettings = {
				CLANG_ENABLE_MODULES = YES;
				CLANG_WARN_BOOL_CONVERSION = YES;
				CLANG_WARN_CONSTANT_CONVERSION = YES;
				CLANG_WARN_DIRECT_OBJC_ISA_USAGE = YES_ERROR;
				CLANG_WARN_EMPTY_BODY = YES;
				CLANG_WARN_ENUM_CONVERSION = YES;
				CLANG_WARN_INT_CONVERSION = YES;
				CLANG_WARN_OBJC_ROOT_CLASS = YES_ERROR;
				CLANG_WARN_UNREACHABLE_CODE = YES;
				CLANG_WARN__DUPLICATE_METHOD_MATCH = YES;
				CURRENT_PROJECT_VERSION = "";
				ENABLE_STRICT_OBJC_MSGSEND = YES;
				GCC_C_LANGUAGE_STANDARD = c99;
				GCC_VERSION = "";
				GCC_WARN_64_TO_32_BIT_CONVERSION = YES;
				GCC_WARN_ABOUT_MISSING_NEWLINE = NO;
				GCC_WARN_ABOUT_RETURN_TYPE = YES_ERROR;
				GCC_WARN_MISSING_PARENTHESES = YES;
				GCC_WARN_UNDECLARED_SELECTOR = YES;
				GCC_WARN_UNINITIALIZED_AUTOS = YES_AGGRESSIVE;
				GCC_WARN_UNUSED_FUNCTION = YES;
				GCC_WARN_UNUSED_LABEL = NO;
				GCC_WARN_UNUSED_PARAMETER = NO;
				GCC_WARN_UNUSED_VALUE = YES;
				GCC_WARN_UNUSED_VARIABLE = YES;
				HEADER_SEARCH_PATHS = (
					"$(inherited)",
					/Applications/Xcode.app/Contents/Developer/Toolchains/XcodeDefault.xctoolchain/usr/include,
				);
				MACOSX_DEPLOYMENT_TARGET = 10.8;
				ONLY_ACTIVE_ARCH = NO;
				PREBINDING = NO;
				SDKROOT = macosx;
				SKIP_INSTALL = NO;
			};
			name = Release;
		};
/* End XCBuildConfiguration section */

/* Begin XCConfigurationList section */
		AAF73D8D1C174ABF0006D1E1 /* Build configuration list for PBXNativeTarget "FreenetTrayTests" */ = {
			isa = XCConfigurationList;
			buildConfigurations = (
				AAF73D8B1C174ABF0006D1E1 /* Debug */,
				AAF73D8C1C174ABF0006D1E1 /* Release */,
			);
			defaultConfigurationIsVisible = 0;
			defaultConfigurationName = Release;
		};
		C01FCF4A08A954540054247B /* Build configuration list for PBXNativeTarget "FreenetTray" */ = {
			isa = XCConfigurationList;
			buildConfigurations = (
				C01FCF4B08A954540054247B /* Debug */,
				C01FCF4C08A954540054247B /* Release */,
			);
			defaultConfigurationIsVisible = 0;
			defaultConfigurationName = Release;
		};
		C01FCF4E08A954540054247B /* Build configuration list for PBXProject "FreenetTray" */ = {
			isa = XCConfigurationList;
			buildConfigurations = (
				C01FCF4F08A954540054247B /* Debug */,
				C01FCF5008A954540054247B /* Release */,
			);
			defaultConfigurationIsVisible = 0;
			defaultConfigurationName = Release;
		};
/* End XCConfigurationList section */
	};
	rootObject = 29B97313FDCFA39411CA2CEA /* Project object */;
}
