// !$*UTF8*$!
{
	archiveVersion = 1;
	classes = {
	};
	objectVersion = 47;
	objects = {

/* Begin PBXBuildFile section */
		AA433BD1109CD2B400EDBB73 /* gpl.txt in Resources */ = {isa = PBXBuildFile; fileRef = AA433BCF109CD2B400EDBB73 /* gpl.txt */; };
		AA55DB9A1C25CDDF00581EEB /* InfoPlist.strings in Resources */ = {isa = PBXBuildFile; fileRef = AA55DB9C1C25CDDF00581EEB /* InfoPlist.strings */; };
		AA55DBA01C25CDE000581EEB /* Localizable.strings in Resources */ = {isa = PBXBuildFile; fileRef = AA55DBA21C25CDE000581EEB /* Localizable.strings */; };
		AA55DBA51C25CDE100581EEB /* InfoPlist.strings in Resources */ = {isa = PBXBuildFile; fileRef = AA55DBA71C25CDE100581EEB /* InfoPlist.strings */; };
		AA621C931C1CF0DA00A1C4A5 /* FNAppDelegate.m in Sources */ = {isa = PBXBuildFile; fileRef = AA621C791C1CF0DA00A1C4A5 /* FNAppDelegate.m */; };
		AA621C941C1CF0DA00A1C4A5 /* FNBrowser.m in Sources */ = {isa = PBXBuildFile; fileRef = AA621C7B1C1CF0DA00A1C4A5 /* FNBrowser.m */; };
		AA621C951C1CF0DA00A1C4A5 /* FNConfigParser.m in Sources */ = {isa = PBXBuildFile; fileRef = AA621C7D1C1CF0DA00A1C4A5 /* FNConfigParser.m */; };
		AA621C971C1CF0DA00A1C4A5 /* FNDropdownMenuController.m in Sources */ = {isa = PBXBuildFile; fileRef = AA621C801C1CF0DA00A1C4A5 /* FNDropdownMenuController.m */; };
		AA621C981C1CF0DA00A1C4A5 /* FNFCPWrapper.m in Sources */ = {isa = PBXBuildFile; fileRef = AA621C821C1CF0DA00A1C4A5 /* FNFCPWrapper.m */; };
		AA621C991C1CF0DA00A1C4A5 /* FNHelpers.m in Sources */ = {isa = PBXBuildFile; fileRef = AA621C841C1CF0DA00A1C4A5 /* FNHelpers.m */; };
		AA621C9B1C1CF0DA00A1C4A5 /* FNInstallerDestinationViewController.m in Sources */ = {isa = PBXBuildFile; fileRef = AA621C871C1CF0DA00A1C4A5 /* FNInstallerDestinationViewController.m */; };
		AA621C9D1C1CF0DA00A1C4A5 /* FNInstallerProgressViewController.m in Sources */ = {isa = PBXBuildFile; fileRef = AA621C8A1C1CF0DA00A1C4A5 /* FNInstallerProgressViewController.m */; };
		AA621C9F1C1CF0DA00A1C4A5 /* FNInstallerWindowController.m in Sources */ = {isa = PBXBuildFile; fileRef = AA621C8D1C1CF0DA00A1C4A5 /* FNInstallerWindowController.m */; };
		AA621CA01C1CF0DA00A1C4A5 /* FNNodeController.m in Sources */ = {isa = PBXBuildFile; fileRef = AA621C8F1C1CF0DA00A1C4A5 /* FNNodeController.m */; };
		AA621CA21C1CF0DA00A1C4A5 /* FNSettingsWindowController.m in Sources */ = {isa = PBXBuildFile; fileRef = AA621C921C1CF0DA00A1C4A5 /* FNSettingsWindowController.m */; };
		AA621CAA1C1CF10800A1C4A5 /* FNConstants.m in Sources */ = {isa = PBXBuildFile; fileRef = AA621CA41C1CF10800A1C4A5 /* FNConstants.m */; };
		AA621CAB1C1CF10800A1C4A5 /* main.m in Sources */ = {isa = PBXBuildFile; fileRef = AA621CA71C1CF10800A1C4A5 /* main.m */; };
		AA621CAC1C1CF10800A1C4A5 /* TrayIcon.m in Sources */ = {isa = PBXBuildFile; fileRef = AA621CA91C1CF10800A1C4A5 /* TrayIcon.m */; };
		AA621CB01C1CF12B00A1C4A5 /* installer_background.png in Resources */ = {isa = PBXBuildFile; fileRef = AA621CAE1C1CF12B00A1C4A5 /* installer_background.png */; };
		AA621CB21C1CF13900A1C4A5 /* defaults.plist in Resources */ = {isa = PBXBuildFile; fileRef = AA621CB11C1CF13900A1C4A5 /* defaults.plist */; };
		AA621CB41C1CF14500A1C4A5 /* main.xib in Resources */ = {isa = PBXBuildFile; fileRef = AA621CB31C1CF14500A1C4A5 /* main.xib */; };
		AA621D341C1CFB4200A1C4A5 /* FNDropdownMenu.xib in Resources */ = {isa = PBXBuildFile; fileRef = AA621D361C1CFB4200A1C4A5 /* FNDropdownMenu.xib */; };
		AA621D371C1CFB4500A1C4A5 /* FNInstallerDestinationView.xib in Resources */ = {isa = PBXBuildFile; fileRef = AA621D391C1CFB4500A1C4A5 /* FNInstallerDestinationView.xib */; };
		AA621D3A1C1CFB4700A1C4A5 /* FNInstallerProgressView.xib in Resources */ = {isa = PBXBuildFile; fileRef = AA621D3C1C1CFB4700A1C4A5 /* FNInstallerProgressView.xib */; };
		AA621D3D1C1CFB4900A1C4A5 /* FNInstallerWindow.xib in Resources */ = {isa = PBXBuildFile; fileRef = AA621D3F1C1CFB4900A1C4A5 /* FNInstallerWindow.xib */; };
		AA621D401C1CFB4B00A1C4A5 /* FNSettingsWindow.xib in Resources */ = {isa = PBXBuildFile; fileRef = AA621D421C1CFB4B00A1C4A5 /* FNSettingsWindow.xib */; };
		AA93DBF31D5BC02400BE256F /* Changelog.md in Sources */ = {isa = PBXBuildFile; fileRef = AA93DBF21D5BC02400BE256F /* Changelog.md */; };
		AA93DBF41D5BC18900BE256F /* Changelog.md in Resources */ = {isa = PBXBuildFile; fileRef = AA93DBF21D5BC02400BE256F /* Changelog.md */; };
		AA9BE2EE1C1B774000345C77 /* verify.py in Resources */ = {isa = PBXBuildFile; fileRef = AA9BE2ED1C1B774000345C77 /* verify.py */; };
		AAD6891D1BD17CF500942738 /* Bundled Node in Resources */ = {isa = PBXBuildFile; fileRef = AAD6891C1BD17CF500942738 /* Bundled Node */; };
		AAE306F01BF6DEC900C4EC1D /* Acknowledgments.rtf in Resources */ = {isa = PBXBuildFile; fileRef = AAE306EE1BF6DEC900C4EC1D /* Acknowledgments.rtf */; };
		AAE306F31BF920EE00C4EC1D /* Images.xcassets in Resources */ = {isa = PBXBuildFile; fileRef = AAE306F21BF920EE00C4EC1D /* Images.xcassets */; };
		AAEF3AEE1AD6313800A4B475 /* README.md in Resources */ = {isa = PBXBuildFile; fileRef = AAEF3AED1AD6313800A4B475 /* README.md */; };
		AAF73D871C174ABF0006D1E1 /* FreenetTrayTests.m in Sources */ = {isa = PBXBuildFile; fileRef = AAF73D861C174ABF0006D1E1 /* FreenetTrayTests.m */; };
		D9B8FCFAAAB12F74C90F8247 /* Pods_FreenetTray.framework in Frameworks */ = {isa = PBXBuildFile; fileRef = 1F0BF6618371FB2144F9AC5C /* Pods_FreenetTray.framework */; };
/* End PBXBuildFile section */

/* Begin PBXContainerItemProxy section */
		AAF73D891C174ABF0006D1E1 /* PBXContainerItemProxy */ = {
			isa = PBXContainerItemProxy;
			containerPortal = 29B97313FDCFA39411CA2CEA /* Project object */;
			proxyType = 1;
			remoteGlobalIDString = 8D1107260486CEB800E47090;
			remoteInfo = FreenetTray;
		};
/* End PBXContainerItemProxy section */

/* Begin PBXCopyFilesBuildPhase section */
		AA1E62C00FE21D5E000CEF5F /* CopyFiles */ = {
			isa = PBXCopyFilesBuildPhase;
			buildActionMask = 2147483647;
			dstPath = "";
			dstSubfolderSpec = 10;
			files = (
			);
			runOnlyForDeploymentPostprocessing = 0;
		};
/* End PBXCopyFilesBuildPhase section */

/* Begin PBXFileReference section */
		089C165DFE840E0CC02AAC07 /* English */ = {isa = PBXFileReference; fileEncoding = 10; lastKnownFileType = text.plist.strings; name = English; path = English.lproj/InfoPlist.strings; sourceTree = "<group>"; };
		1F0BF6618371FB2144F9AC5C /* Pods_FreenetTray.framework */ = {isa = PBXFileReference; explicitFileType = wrapper.framework; includeInIndex = 0; path = Pods_FreenetTray.framework; sourceTree = BUILT_PRODUCTS_DIR; };
		68AEBD7D14CE0D6148BC212D /* Pods-FreenetTray.debug.xcconfig */ = {isa = PBXFileReference; includeInIndex = 1; lastKnownFileType = text.xcconfig; name = "Pods-FreenetTray.debug.xcconfig"; path = "Pods/Target Support Files/Pods-FreenetTray/Pods-FreenetTray.debug.xcconfig"; sourceTree = "<group>"; };
		8D1107320486CEB800E47090 /* FreenetTray.app */ = {isa = PBXFileReference; explicitFileType = wrapper.application; includeInIndex = 0; path = FreenetTray.app; sourceTree = BUILT_PRODUCTS_DIR; };
		9F4CCC7E24DF2A0E007680EB /* jre-8u261-macosx-x64.dmg */ = {isa = PBXFileReference; lastKnownFileType = file; path = "jre-8u261-macosx-x64.dmg"; sourceTree = "<group>"; };
		AA2D60691C456B8C0006DC96 /* Translations */ = {isa = PBXFileReference; lastKnownFileType = folder; path = Translations; sourceTree = "<group>"; };
		AA433BCF109CD2B400EDBB73 /* gpl.txt */ = {isa = PBXFileReference; fileEncoding = 4; lastKnownFileType = text; path = gpl.txt; sourceTree = "<group>"; };
		AA55DB941C25CDDE00581EEB /* zh-CN */ = {isa = PBXFileReference; lastKnownFileType = text.plist.strings; name = "zh-CN"; path = "zh-CN.lproj/FNDropdownMenu.strings"; sourceTree = "<group>"; };
		AA55DB951C25CDDE00581EEB /* zh-CN */ = {isa = PBXFileReference; lastKnownFileType = text.plist.strings; name = "zh-CN"; path = "zh-CN.lproj/FNInstallerProgressView.strings"; sourceTree = "<group>"; };
		AA55DB961C25CDDF00581EEB /* zh-CN */ = {isa = PBXFileReference; lastKnownFileType = text.plist.strings; name = "zh-CN"; path = "zh-CN.lproj/FNInstallerDestinationView.strings"; sourceTree = "<group>"; };
		AA55DB971C25CDDF00581EEB /* zh-CN */ = {isa = PBXFileReference; lastKnownFileType = text.plist.strings; name = "zh-CN"; path = "zh-CN.lproj/FNSettingsWindow.strings"; sourceTree = "<group>"; };
		AA55DB9B1C25CDDF00581EEB /* zh-CN */ = {isa = PBXFileReference; lastKnownFileType = text.plist.strings; name = "zh-CN"; path = "zh-CN.lproj/InfoPlist.strings"; sourceTree = "<group>"; };
		AA55DB9D1C25CDE000581EEB /* zh-CN */ = {isa = PBXFileReference; lastKnownFileType = text.plist.strings; name = "zh-CN"; path = "zh-CN.lproj/FNInstallerWindow.strings"; sourceTree = "<group>"; };
		AA55DBA11C25CDE000581EEB /* zh-CN */ = {isa = PBXFileReference; lastKnownFileType = text.plist.strings; name = "zh-CN"; path = "zh-CN.lproj/Localizable.strings"; sourceTree = "<group>"; };
		AA55DBA61C25CDE100581EEB /* zh-CN */ = {isa = PBXFileReference; lastKnownFileType = text.plist.strings; name = "zh-CN"; path = "zh-CN.lproj/InfoPlist.strings"; sourceTree = "<group>"; };
		AA55DBA81C25E6CE00581EEB /* pt-BR */ = {isa = PBXFileReference; lastKnownFileType = text.plist.strings; name = "pt-BR"; path = "pt-BR.lproj/FNDropdownMenu.strings"; sourceTree = "<group>"; };
		AA55DBA91C25E6CE00581EEB /* pt-BR */ = {isa = PBXFileReference; lastKnownFileType = text.plist.strings; name = "pt-BR"; path = "pt-BR.lproj/FNInstallerProgressView.strings"; sourceTree = "<group>"; };
		AA55DBAA1C25E6CE00581EEB /* pt-BR */ = {isa = PBXFileReference; lastKnownFileType = text.plist.strings; name = "pt-BR"; path = "pt-BR.lproj/FNInstallerDestinationView.strings"; sourceTree = "<group>"; };
		AA55DBAB1C25E6CE00581EEB /* pt-BR */ = {isa = PBXFileReference; lastKnownFileType = text.plist.strings; name = "pt-BR"; path = "pt-BR.lproj/FNSettingsWindow.strings"; sourceTree = "<group>"; };
		AA55DBAC1C25E6CE00581EEB /* pt-BR */ = {isa = PBXFileReference; lastKnownFileType = text.plist.strings; name = "pt-BR"; path = "pt-BR.lproj/InfoPlist.strings"; sourceTree = "<group>"; };
		AA55DBAD1C25E6CE00581EEB /* pt-BR */ = {isa = PBXFileReference; lastKnownFileType = text.plist.strings; name = "pt-BR"; path = "pt-BR.lproj/FNInstallerWindow.strings"; sourceTree = "<group>"; };
		AA55DBAE1C25E6CF00581EEB /* pt-BR */ = {isa = PBXFileReference; lastKnownFileType = text.plist.strings; name = "pt-BR"; path = "pt-BR.lproj/Localizable.strings"; sourceTree = "<group>"; };
		AA55DBAF1C25E6CF00581EEB /* pt-BR */ = {isa = PBXFileReference; lastKnownFileType = text.plist.strings; name = "pt-BR"; path = "pt-BR.lproj/InfoPlist.strings"; sourceTree = "<group>"; };
		AA621C391C1BC46E00A1C4A5 /* .travis.yml */ = {isa = PBXFileReference; fileEncoding = 4; lastKnownFileType = text; path = .travis.yml; sourceTree = "<group>"; };
		AA621C781C1CF0DA00A1C4A5 /* FNAppDelegate.h */ = {isa = PBXFileReference; fileEncoding = 4; lastKnownFileType = sourcecode.c.h; name = FNAppDelegate.h; path = FreenetTray/FNAppDelegate.h; sourceTree = "<group>"; };
		AA621C791C1CF0DA00A1C4A5 /* FNAppDelegate.m */ = {isa = PBXFileReference; fileEncoding = 4; lastKnownFileType = sourcecode.c.objc; name = FNAppDelegate.m; path = FreenetTray/FNAppDelegate.m; sourceTree = "<group>"; };
		AA621C7A1C1CF0DA00A1C4A5 /* FNBrowser.h */ = {isa = PBXFileReference; fileEncoding = 4; lastKnownFileType = sourcecode.c.h; name = FNBrowser.h; path = FreenetTray/FNBrowser.h; sourceTree = "<group>"; };
		AA621C7B1C1CF0DA00A1C4A5 /* FNBrowser.m */ = {isa = PBXFileReference; fileEncoding = 4; lastKnownFileType = sourcecode.c.objc; name = FNBrowser.m; path = FreenetTray/FNBrowser.m; sourceTree = "<group>"; };
		AA621C7C1C1CF0DA00A1C4A5 /* FNConfigParser.h */ = {isa = PBXFileReference; fileEncoding = 4; lastKnownFileType = sourcecode.c.h; name = FNConfigParser.h; path = FreenetTray/FNConfigParser.h; sourceTree = "<group>"; };
		AA621C7D1C1CF0DA00A1C4A5 /* FNConfigParser.m */ = {isa = PBXFileReference; fileEncoding = 4; lastKnownFileType = sourcecode.c.objc; name = FNConfigParser.m; path = FreenetTray/FNConfigParser.m; sourceTree = "<group>"; };
		AA621C7F1C1CF0DA00A1C4A5 /* FNDropdownMenuController.h */ = {isa = PBXFileReference; fileEncoding = 4; lastKnownFileType = sourcecode.c.h; name = FNDropdownMenuController.h; path = FreenetTray/FNDropdownMenuController.h; sourceTree = "<group>"; };
		AA621C801C1CF0DA00A1C4A5 /* FNDropdownMenuController.m */ = {isa = PBXFileReference; fileEncoding = 4; lastKnownFileType = sourcecode.c.objc; name = FNDropdownMenuController.m; path = FreenetTray/FNDropdownMenuController.m; sourceTree = "<group>"; };
		AA621C811C1CF0DA00A1C4A5 /* FNFCPWrapper.h */ = {isa = PBXFileReference; fileEncoding = 4; lastKnownFileType = sourcecode.c.h; name = FNFCPWrapper.h; path = FreenetTray/FNFCPWrapper.h; sourceTree = "<group>"; };
		AA621C821C1CF0DA00A1C4A5 /* FNFCPWrapper.m */ = {isa = PBXFileReference; fileEncoding = 4; lastKnownFileType = sourcecode.c.objc; name = FNFCPWrapper.m; path = FreenetTray/FNFCPWrapper.m; sourceTree = "<group>"; };
		AA621C831C1CF0DA00A1C4A5 /* FNHelpers.h */ = {isa = PBXFileReference; fileEncoding = 4; lastKnownFileType = sourcecode.c.h; name = FNHelpers.h; path = FreenetTray/FNHelpers.h; sourceTree = "<group>"; };
		AA621C841C1CF0DA00A1C4A5 /* FNHelpers.m */ = {isa = PBXFileReference; fileEncoding = 4; lastKnownFileType = sourcecode.c.objc; name = FNHelpers.m; path = FreenetTray/FNHelpers.m; sourceTree = "<group>"; };
		AA621C861C1CF0DA00A1C4A5 /* FNInstallerDestinationViewController.h */ = {isa = PBXFileReference; fileEncoding = 4; lastKnownFileType = sourcecode.c.h; name = FNInstallerDestinationViewController.h; path = FreenetTray/FNInstallerDestinationViewController.h; sourceTree = "<group>"; };
		AA621C871C1CF0DA00A1C4A5 /* FNInstallerDestinationViewController.m */ = {isa = PBXFileReference; fileEncoding = 4; lastKnownFileType = sourcecode.c.objc; name = FNInstallerDestinationViewController.m; path = FreenetTray/FNInstallerDestinationViewController.m; sourceTree = "<group>"; };
		AA621C891C1CF0DA00A1C4A5 /* FNInstallerProgressViewController.h */ = {isa = PBXFileReference; fileEncoding = 4; lastKnownFileType = sourcecode.c.h; name = FNInstallerProgressViewController.h; path = FreenetTray/FNInstallerProgressViewController.h; sourceTree = "<group>"; };
		AA621C8A1C1CF0DA00A1C4A5 /* FNInstallerProgressViewController.m */ = {isa = PBXFileReference; fileEncoding = 4; lastKnownFileType = sourcecode.c.objc; name = FNInstallerProgressViewController.m; path = FreenetTray/FNInstallerProgressViewController.m; sourceTree = "<group>"; };
		AA621C8C1C1CF0DA00A1C4A5 /* FNInstallerWindowController.h */ = {isa = PBXFileReference; fileEncoding = 4; lastKnownFileType = sourcecode.c.h; name = FNInstallerWindowController.h; path = FreenetTray/FNInstallerWindowController.h; sourceTree = "<group>"; };
		AA621C8D1C1CF0DA00A1C4A5 /* FNInstallerWindowController.m */ = {isa = PBXFileReference; fileEncoding = 4; lastKnownFileType = sourcecode.c.objc; name = FNInstallerWindowController.m; path = FreenetTray/FNInstallerWindowController.m; sourceTree = "<group>"; };
		AA621C8E1C1CF0DA00A1C4A5 /* FNNodeController.h */ = {isa = PBXFileReference; fileEncoding = 4; lastKnownFileType = sourcecode.c.h; name = FNNodeController.h; path = FreenetTray/FNNodeController.h; sourceTree = "<group>"; };
		AA621C8F1C1CF0DA00A1C4A5 /* FNNodeController.m */ = {isa = PBXFileReference; fileEncoding = 4; lastKnownFileType = sourcecode.c.objc; name = FNNodeController.m; path = FreenetTray/FNNodeController.m; sourceTree = "<group>"; };
		AA621C911C1CF0DA00A1C4A5 /* FNSettingsWindowController.h */ = {isa = PBXFileReference; fileEncoding = 4; lastKnownFileType = sourcecode.c.h; name = FNSettingsWindowController.h; path = FreenetTray/FNSettingsWindowController.h; sourceTree = "<group>"; };
		AA621C921C1CF0DA00A1C4A5 /* FNSettingsWindowController.m */ = {isa = PBXFileReference; fileEncoding = 4; lastKnownFileType = sourcecode.c.objc; name = FNSettingsWindowController.m; path = FreenetTray/FNSettingsWindowController.m; sourceTree = "<group>"; };
		AA621CA31C1CF10800A1C4A5 /* FNConstants.h */ = {isa = PBXFileReference; fileEncoding = 4; lastKnownFileType = sourcecode.c.h; name = FNConstants.h; path = FreenetTray/FNConstants.h; sourceTree = "<group>"; };
		AA621CA41C1CF10800A1C4A5 /* FNConstants.m */ = {isa = PBXFileReference; fileEncoding = 4; lastKnownFileType = sourcecode.c.objc; name = FNConstants.m; path = FreenetTray/FNConstants.m; sourceTree = "<group>"; };
		AA621CA51C1CF10800A1C4A5 /* FNProtocols.h */ = {isa = PBXFileReference; fileEncoding = 4; lastKnownFileType = sourcecode.c.h; name = FNProtocols.h; path = FreenetTray/FNProtocols.h; sourceTree = "<group>"; };
		AA621CA61C1CF10800A1C4A5 /* Prefix.pch */ = {isa = PBXFileReference; fileEncoding = 4; lastKnownFileType = sourcecode.c.h; name = Prefix.pch; path = FreenetTray/Prefix.pch; sourceTree = "<group>"; };
		AA621CA71C1CF10800A1C4A5 /* main.m */ = {isa = PBXFileReference; fileEncoding = 4; lastKnownFileType = sourcecode.c.objc; name = main.m; path = FreenetTray/main.m; sourceTree = "<group>"; };
		AA621CA81C1CF10800A1C4A5 /* TrayIcon.h */ = {isa = PBXFileReference; fileEncoding = 4; lastKnownFileType = sourcecode.c.h; name = TrayIcon.h; path = FreenetTray/TrayIcon.h; sourceTree = "<group>"; };
		AA621CA91C1CF10800A1C4A5 /* TrayIcon.m */ = {isa = PBXFileReference; fileEncoding = 4; lastKnownFileType = sourcecode.c.objc; name = TrayIcon.m; path = FreenetTray/TrayIcon.m; sourceTree = "<group>"; };
		AA621CAE1C1CF12B00A1C4A5 /* installer_background.png */ = {isa = PBXFileReference; lastKnownFileType = image.png; name = installer_background.png; path = FreenetTray/installer_background.png; sourceTree = "<group>"; };
		AA621CB11C1CF13900A1C4A5 /* defaults.plist */ = {isa = PBXFileReference; fileEncoding = 4; lastKnownFileType = text.plist.xml; name = defaults.plist; path = FreenetTray/defaults.plist; sourceTree = "<group>"; };
		AA621CB31C1CF14500A1C4A5 /* main.xib */ = {isa = PBXFileReference; fileEncoding = 4; lastKnownFileType = file.xib; name = main.xib; path = FreenetTray/main.xib; sourceTree = "<group>"; };
		AA621CB71C1CF28900A1C4A5 /* Info.plist */ = {isa = PBXFileReference; fileEncoding = 4; lastKnownFileType = text.plist.xml; name = Info.plist; path = FreenetTray/Info.plist; sourceTree = "<group>"; };
		AA621D431C1CFB5A00A1C4A5 /* Base */ = {isa = PBXFileReference; lastKnownFileType = file.xib; name = Base; path = Base.lproj/FNDropdownMenu.xib; sourceTree = "<group>"; };
		AA621D441C1CFB5B00A1C4A5 /* Base */ = {isa = PBXFileReference; lastKnownFileType = file.xib; name = Base; path = Base.lproj/FNInstallerDestinationView.xib; sourceTree = "<group>"; };
		AA621D451C1CFB5B00A1C4A5 /* Base */ = {isa = PBXFileReference; lastKnownFileType = file.xib; name = Base; path = Base.lproj/FNInstallerProgressView.xib; sourceTree = "<group>"; };
		AA621D461C1CFB5B00A1C4A5 /* Base */ = {isa = PBXFileReference; lastKnownFileType = file.xib; name = Base; path = Base.lproj/FNInstallerWindow.xib; sourceTree = "<group>"; };
		AA621D471C1CFB5B00A1C4A5 /* Base */ = {isa = PBXFileReference; lastKnownFileType = file.xib; name = Base; path = Base.lproj/FNSettingsWindow.xib; sourceTree = "<group>"; };
		AA93DBF21D5BC02400BE256F /* Changelog.md */ = {isa = PBXFileReference; fileEncoding = 4; lastKnownFileType = net.daringfireball.markdown; path = Changelog.md; sourceTree = "<group>"; };
		AA9BE2ED1C1B774000345C77 /* verify.py */ = {isa = PBXFileReference; fileEncoding = 4; lastKnownFileType = text.script.python; path = verify.py; sourceTree = "<group>"; };
		AABF7F311C9FA69C006F1F40 /* zh-TW */ = {isa = PBXFileReference; lastKnownFileType = text.plist.strings; name = "zh-TW"; path = "zh-TW.lproj/FNDropdownMenu.strings"; sourceTree = "<group>"; };
		AABF7F321C9FA69C006F1F40 /* zh-TW */ = {isa = PBXFileReference; lastKnownFileType = text.plist.strings; name = "zh-TW"; path = "zh-TW.lproj/FNInstallerProgressView.strings"; sourceTree = "<group>"; };
		AABF7F331C9FA69C006F1F40 /* zh-TW */ = {isa = PBXFileReference; lastKnownFileType = text.plist.strings; name = "zh-TW"; path = "zh-TW.lproj/FNInstallerDestinationView.strings"; sourceTree = "<group>"; };
		AABF7F341C9FA69C006F1F40 /* zh-TW */ = {isa = PBXFileReference; lastKnownFileType = text.plist.strings; name = "zh-TW"; path = "zh-TW.lproj/FNSettingsWindow.strings"; sourceTree = "<group>"; };
		AABF7F351C9FA69D006F1F40 /* zh-TW */ = {isa = PBXFileReference; lastKnownFileType = text.plist.strings; name = "zh-TW"; path = "zh-TW.lproj/InfoPlist.strings"; sourceTree = "<group>"; };
		AABF7F361C9FA69D006F1F40 /* zh-TW */ = {isa = PBXFileReference; lastKnownFileType = text.plist.strings; name = "zh-TW"; path = "zh-TW.lproj/FNInstallerWindow.strings"; sourceTree = "<group>"; };
		AABF7F371C9FA69D006F1F40 /* zh-TW */ = {isa = PBXFileReference; lastKnownFileType = text.plist.strings; name = "zh-TW"; path = "zh-TW.lproj/Localizable.strings"; sourceTree = "<group>"; };
		AABF7F381C9FA69D006F1F40 /* zh-TW */ = {isa = PBXFileReference; lastKnownFileType = text.plist.strings; name = "zh-TW"; path = "zh-TW.lproj/InfoPlist.strings"; sourceTree = "<group>"; };
		AABF7F391C9FA845006F1F40 /* nb-NO */ = {isa = PBXFileReference; lastKnownFileType = text.plist.strings; name = "nb-NO"; path = "nb-NO.lproj/FNDropdownMenu.strings"; sourceTree = "<group>"; };
		AABF7F3A1C9FA845006F1F40 /* nb-NO */ = {isa = PBXFileReference; lastKnownFileType = text.plist.strings; name = "nb-NO"; path = "nb-NO.lproj/FNInstallerDestinationView.strings"; sourceTree = "<group>"; };
		AABF7F3B1C9FA845006F1F40 /* nb-NO */ = {isa = PBXFileReference; lastKnownFileType = text.plist.strings; name = "nb-NO"; path = "nb-NO.lproj/FNInstallerProgressView.strings"; sourceTree = "<group>"; };
		AABF7F3C1C9FA846006F1F40 /* nb-NO */ = {isa = PBXFileReference; lastKnownFileType = text.plist.strings; name = "nb-NO"; path = "nb-NO.lproj/InfoPlist.strings"; sourceTree = "<group>"; };
		AABF7F3D1C9FA846006F1F40 /* nb-NO */ = {isa = PBXFileReference; lastKnownFileType = text.plist.strings; name = "nb-NO"; path = "nb-NO.lproj/FNInstallerWindow.strings"; sourceTree = "<group>"; };
		AABF7F3E1C9FA846006F1F40 /* nb-NO */ = {isa = PBXFileReference; lastKnownFileType = text.plist.strings; name = "nb-NO"; path = "nb-NO.lproj/FNSettingsWindow.strings"; sourceTree = "<group>"; };
		AABF7F3F1C9FA847006F1F40 /* nb-NO */ = {isa = PBXFileReference; lastKnownFileType = text.plist.strings; name = "nb-NO"; path = "nb-NO.lproj/Localizable.strings"; sourceTree = "<group>"; };
		AABF7F401C9FA847006F1F40 /* nb-NO */ = {isa = PBXFileReference; lastKnownFileType = text.plist.strings; name = "nb-NO"; path = "nb-NO.lproj/InfoPlist.strings"; sourceTree = "<group>"; };
		AABF7F411C9FA8A1006F1F40 /* it */ = {isa = PBXFileReference; lastKnownFileType = text.plist.strings; name = it; path = it.lproj/FNDropdownMenu.strings; sourceTree = "<group>"; };
		AABF7F421C9FA8A1006F1F40 /* it */ = {isa = PBXFileReference; lastKnownFileType = text.plist.strings; name = it; path = it.lproj/FNInstallerDestinationView.strings; sourceTree = "<group>"; };
		AABF7F431C9FA8A1006F1F40 /* it */ = {isa = PBXFileReference; lastKnownFileType = text.plist.strings; name = it; path = it.lproj/FNInstallerProgressView.strings; sourceTree = "<group>"; };
		AABF7F441C9FA8A1006F1F40 /* it */ = {isa = PBXFileReference; lastKnownFileType = text.plist.strings; name = it; path = it.lproj/InfoPlist.strings; sourceTree = "<group>"; };
		AABF7F451C9FA8A1006F1F40 /* it */ = {isa = PBXFileReference; lastKnownFileType = text.plist.strings; name = it; path = it.lproj/FNSettingsWindow.strings; sourceTree = "<group>"; };
		AABF7F461C9FA8A2006F1F40 /* it */ = {isa = PBXFileReference; lastKnownFileType = text.plist.strings; name = it; path = it.lproj/FNInstallerWindow.strings; sourceTree = "<group>"; };
		AABF7F471C9FA8A2006F1F40 /* it */ = {isa = PBXFileReference; lastKnownFileType = text.plist.strings; name = it; path = it.lproj/Localizable.strings; sourceTree = "<group>"; };
		AABF7F481C9FA8A2006F1F40 /* it */ = {isa = PBXFileReference; lastKnownFileType = text.plist.strings; name = it; path = it.lproj/InfoPlist.strings; sourceTree = "<group>"; };
		AABF7F491C9FA8D4006F1F40 /* id-ID */ = {isa = PBXFileReference; lastKnownFileType = text.plist.strings; name = "id-ID"; path = "id-ID.lproj/FNDropdownMenu.strings"; sourceTree = "<group>"; };
		AABF7F4A1C9FA8D5006F1F40 /* id-ID */ = {isa = PBXFileReference; lastKnownFileType = text.plist.strings; name = "id-ID"; path = "id-ID.lproj/FNInstallerDestinationView.strings"; sourceTree = "<group>"; };
		AABF7F4B1C9FA8D5006F1F40 /* id-ID */ = {isa = PBXFileReference; lastKnownFileType = text.plist.strings; name = "id-ID"; path = "id-ID.lproj/FNInstallerProgressView.strings"; sourceTree = "<group>"; };
		AABF7F4C1C9FA8D5006F1F40 /* id-ID */ = {isa = PBXFileReference; lastKnownFileType = text.plist.strings; name = "id-ID"; path = "id-ID.lproj/FNSettingsWindow.strings"; sourceTree = "<group>"; };
		AABF7F4D1C9FA8D5006F1F40 /* id-ID */ = {isa = PBXFileReference; lastKnownFileType = text.plist.strings; name = "id-ID"; path = "id-ID.lproj/InfoPlist.strings"; sourceTree = "<group>"; };
		AABF7F4E1C9FA8D5006F1F40 /* id-ID */ = {isa = PBXFileReference; lastKnownFileType = text.plist.strings; name = "id-ID"; path = "id-ID.lproj/FNInstallerWindow.strings"; sourceTree = "<group>"; };
		AABF7F4F1C9FA8D5006F1F40 /* id-ID */ = {isa = PBXFileReference; lastKnownFileType = text.plist.strings; name = "id-ID"; path = "id-ID.lproj/Localizable.strings"; sourceTree = "<group>"; };
		AABF7F501C9FA8D6006F1F40 /* id-ID */ = {isa = PBXFileReference; lastKnownFileType = text.plist.strings; name = "id-ID"; path = "id-ID.lproj/InfoPlist.strings"; sourceTree = "<group>"; };
		AABF7F511C9FA8F8006F1F40 /* hr */ = {isa = PBXFileReference; lastKnownFileType = text.plist.strings; name = hr; path = hr.lproj/FNDropdownMenu.strings; sourceTree = "<group>"; };
		AABF7F521C9FA8F8006F1F40 /* hr */ = {isa = PBXFileReference; lastKnownFileType = text.plist.strings; name = hr; path = hr.lproj/FNInstallerProgressView.strings; sourceTree = "<group>"; };
		AABF7F531C9FA8F9006F1F40 /* hr */ = {isa = PBXFileReference; lastKnownFileType = text.plist.strings; name = hr; path = hr.lproj/FNInstallerDestinationView.strings; sourceTree = "<group>"; };
		AABF7F541C9FA8F9006F1F40 /* hr */ = {isa = PBXFileReference; lastKnownFileType = text.plist.strings; name = hr; path = hr.lproj/FNSettingsWindow.strings; sourceTree = "<group>"; };
		AABF7F551C9FA8F9006F1F40 /* hr */ = {isa = PBXFileReference; lastKnownFileType = text.plist.strings; name = hr; path = hr.lproj/InfoPlist.strings; sourceTree = "<group>"; };
		AABF7F561C9FA8F9006F1F40 /* hr */ = {isa = PBXFileReference; lastKnownFileType = text.plist.strings; name = hr; path = hr.lproj/FNInstallerWindow.strings; sourceTree = "<group>"; };
		AABF7F571C9FA8F9006F1F40 /* hr */ = {isa = PBXFileReference; lastKnownFileType = text.plist.strings; name = hr; path = hr.lproj/Localizable.strings; sourceTree = "<group>"; };
		AABF7F581C9FA8FA006F1F40 /* hr */ = {isa = PBXFileReference; lastKnownFileType = text.plist.strings; name = hr; path = hr.lproj/InfoPlist.strings; sourceTree = "<group>"; };
		AABF7F591C9FA92C006F1F40 /* fr */ = {isa = PBXFileReference; lastKnownFileType = text.plist.strings; name = fr; path = fr.lproj/FNDropdownMenu.strings; sourceTree = "<group>"; };
		AABF7F5A1C9FA92C006F1F40 /* fr */ = {isa = PBXFileReference; lastKnownFileType = text.plist.strings; name = fr; path = fr.lproj/FNInstallerProgressView.strings; sourceTree = "<group>"; };
		AABF7F5B1C9FA92C006F1F40 /* fr */ = {isa = PBXFileReference; lastKnownFileType = text.plist.strings; name = fr; path = fr.lproj/FNInstallerDestinationView.strings; sourceTree = "<group>"; };
		AABF7F5C1C9FA92C006F1F40 /* fr */ = {isa = PBXFileReference; lastKnownFileType = text.plist.strings; name = fr; path = fr.lproj/FNSettingsWindow.strings; sourceTree = "<group>"; };
		AABF7F5D1C9FA92C006F1F40 /* fr */ = {isa = PBXFileReference; lastKnownFileType = text.plist.strings; name = fr; path = fr.lproj/InfoPlist.strings; sourceTree = "<group>"; };
		AABF7F5E1C9FA92D006F1F40 /* fr */ = {isa = PBXFileReference; lastKnownFileType = text.plist.strings; name = fr; path = fr.lproj/FNInstallerWindow.strings; sourceTree = "<group>"; };
		AABF7F5F1C9FA92D006F1F40 /* fr */ = {isa = PBXFileReference; lastKnownFileType = text.plist.strings; name = fr; path = fr.lproj/Localizable.strings; sourceTree = "<group>"; };
		AABF7F601C9FA92D006F1F40 /* fr */ = {isa = PBXFileReference; lastKnownFileType = text.plist.strings; name = fr; path = fr.lproj/InfoPlist.strings; sourceTree = "<group>"; };
		AABF7F611C9FA958006F1F40 /* es */ = {isa = PBXFileReference; lastKnownFileType = text.plist.strings; name = es; path = es.lproj/FNDropdownMenu.strings; sourceTree = "<group>"; };
		AABF7F621C9FA958006F1F40 /* es */ = {isa = PBXFileReference; lastKnownFileType = text.plist.strings; name = es; path = es.lproj/FNInstallerDestinationView.strings; sourceTree = "<group>"; };
		AABF7F631C9FA958006F1F40 /* es */ = {isa = PBXFileReference; lastKnownFileType = text.plist.strings; name = es; path = es.lproj/FNInstallerProgressView.strings; sourceTree = "<group>"; };
		AABF7F641C9FA958006F1F40 /* es */ = {isa = PBXFileReference; lastKnownFileType = text.plist.strings; name = es; path = es.lproj/InfoPlist.strings; sourceTree = "<group>"; };
		AABF7F651C9FA958006F1F40 /* es */ = {isa = PBXFileReference; lastKnownFileType = text.plist.strings; name = es; path = es.lproj/FNInstallerWindow.strings; sourceTree = "<group>"; };
		AABF7F661C9FA958006F1F40 /* es */ = {isa = PBXFileReference; lastKnownFileType = text.plist.strings; name = es; path = es.lproj/FNSettingsWindow.strings; sourceTree = "<group>"; };
		AABF7F671C9FA958006F1F40 /* es */ = {isa = PBXFileReference; lastKnownFileType = text.plist.strings; name = es; path = es.lproj/Localizable.strings; sourceTree = "<group>"; };
		AABF7F681C9FA959006F1F40 /* es */ = {isa = PBXFileReference; lastKnownFileType = text.plist.strings; name = es; path = es.lproj/InfoPlist.strings; sourceTree = "<group>"; };
		AABF7F691C9FA977006F1F40 /* de */ = {isa = PBXFileReference; lastKnownFileType = text.plist.strings; name = de; path = de.lproj/FNDropdownMenu.strings; sourceTree = "<group>"; };
		AABF7F6A1C9FA977006F1F40 /* de */ = {isa = PBXFileReference; lastKnownFileType = text.plist.strings; name = de; path = de.lproj/FNInstallerDestinationView.strings; sourceTree = "<group>"; };
		AABF7F6B1C9FA977006F1F40 /* de */ = {isa = PBXFileReference; lastKnownFileType = text.plist.strings; name = de; path = de.lproj/FNInstallerProgressView.strings; sourceTree = "<group>"; };
		AABF7F6C1C9FA977006F1F40 /* de */ = {isa = PBXFileReference; lastKnownFileType = text.plist.strings; name = de; path = de.lproj/FNSettingsWindow.strings; sourceTree = "<group>"; };
		AABF7F6D1C9FA978006F1F40 /* de */ = {isa = PBXFileReference; lastKnownFileType = text.plist.strings; name = de; path = de.lproj/InfoPlist.strings; sourceTree = "<group>"; };
		AABF7F6E1C9FA978006F1F40 /* de */ = {isa = PBXFileReference; lastKnownFileType = text.plist.strings; name = de; path = de.lproj/FNInstallerWindow.strings; sourceTree = "<group>"; };
		AABF7F6F1C9FA978006F1F40 /* de */ = {isa = PBXFileReference; lastKnownFileType = text.plist.strings; name = de; path = de.lproj/Localizable.strings; sourceTree = "<group>"; };
		AABF7F701C9FA978006F1F40 /* de */ = {isa = PBXFileReference; lastKnownFileType = text.plist.strings; name = de; path = de.lproj/InfoPlist.strings; sourceTree = "<group>"; };
		AAD6891C1BD17CF500942738 /* Bundled Node */ = {isa = PBXFileReference; lastKnownFileType = folder; path = "Bundled Node"; sourceTree = "<group>"; };
		AAE306EE1BF6DEC900C4EC1D /* Acknowledgments.rtf */ = {isa = PBXFileReference; fileEncoding = 4; lastKnownFileType = text.rtf; path = Acknowledgments.rtf; sourceTree = "<group>"; };
		AAE306F21BF920EE00C4EC1D /* Images.xcassets */ = {isa = PBXFileReference; lastKnownFileType = folder.assetcatalog; name = Images.xcassets; path = FreenetTray/Images.xcassets; sourceTree = "<group>"; };
		AAEF3AED1AD6313800A4B475 /* README.md */ = {isa = PBXFileReference; fileEncoding = 4; lastKnownFileType = net.daringfireball.markdown; path = README.md; sourceTree = "<group>"; };
		AAF73D841C174ABF0006D1E1 /* FreenetTrayTests.xctest */ = {isa = PBXFileReference; explicitFileType = wrapper.cfbundle; includeInIndex = 0; path = FreenetTrayTests.xctest; sourceTree = BUILT_PRODUCTS_DIR; };
		AAF73D861C174ABF0006D1E1 /* FreenetTrayTests.m */ = {isa = PBXFileReference; lastKnownFileType = sourcecode.c.objc; path = FreenetTrayTests.m; sourceTree = "<group>"; };
		AAF73D881C174ABF0006D1E1 /* Info.plist */ = {isa = PBXFileReference; lastKnownFileType = text.plist.xml; path = Info.plist; sourceTree = "<group>"; };
		BBB6E6DCE1E04E2EBBEC6442 /* Pods-FreenetTray.release.xcconfig */ = {isa = PBXFileReference; includeInIndex = 1; lastKnownFileType = text.xcconfig; name = "Pods-FreenetTray.release.xcconfig"; path = "Pods/Target Support Files/Pods-FreenetTray/Pods-FreenetTray.release.xcconfig"; sourceTree = "<group>"; };
/* End PBXFileReference section */

/* Begin PBXFrameworksBuildPhase section */
		8D11072E0486CEB800E47090 /* Frameworks */ = {
			isa = PBXFrameworksBuildPhase;
			buildActionMask = 2147483647;
			files = (
				D9B8FCFAAAB12F74C90F8247 /* Pods_FreenetTray.framework in Frameworks */,
			);
			runOnlyForDeploymentPostprocessing = 0;
		};
		AAF73D811C174ABF0006D1E1 /* Frameworks */ = {
			isa = PBXFrameworksBuildPhase;
			buildActionMask = 2147483647;
			files = (
			);
			runOnlyForDeploymentPostprocessing = 0;
		};
/* End PBXFrameworksBuildPhase section */

/* Begin PBXGroup section */
		080E96DDFE201D6D7F000001 /* Classes */ = {
			isa = PBXGroup;
			children = (
				AA621C781C1CF0DA00A1C4A5 /* FNAppDelegate.h */,
				AA621C791C1CF0DA00A1C4A5 /* FNAppDelegate.m */,
				AA621C7A1C1CF0DA00A1C4A5 /* FNBrowser.h */,
				AA621C7B1C1CF0DA00A1C4A5 /* FNBrowser.m */,
				AA621C7C1C1CF0DA00A1C4A5 /* FNConfigParser.h */,
				AA621C7D1C1CF0DA00A1C4A5 /* FNConfigParser.m */,
				AA621D361C1CFB4200A1C4A5 /* FNDropdownMenu.xib */,
				AA621C7F1C1CF0DA00A1C4A5 /* FNDropdownMenuController.h */,
				AA621C801C1CF0DA00A1C4A5 /* FNDropdownMenuController.m */,
				AA621C811C1CF0DA00A1C4A5 /* FNFCPWrapper.h */,
				AA621C821C1CF0DA00A1C4A5 /* FNFCPWrapper.m */,
				AA621C831C1CF0DA00A1C4A5 /* FNHelpers.h */,
				AA621C841C1CF0DA00A1C4A5 /* FNHelpers.m */,
				AA621D391C1CFB4500A1C4A5 /* FNInstallerDestinationView.xib */,
				AA621C861C1CF0DA00A1C4A5 /* FNInstallerDestinationViewController.h */,
				AA621C871C1CF0DA00A1C4A5 /* FNInstallerDestinationViewController.m */,
				AA621D3C1C1CFB4700A1C4A5 /* FNInstallerProgressView.xib */,
				AA621C891C1CF0DA00A1C4A5 /* FNInstallerProgressViewController.h */,
				AA621C8A1C1CF0DA00A1C4A5 /* FNInstallerProgressViewController.m */,
				AA621D3F1C1CFB4900A1C4A5 /* FNInstallerWindow.xib */,
				AA621C8C1C1CF0DA00A1C4A5 /* FNInstallerWindowController.h */,
				AA621C8D1C1CF0DA00A1C4A5 /* FNInstallerWindowController.m */,
				AA621C8E1C1CF0DA00A1C4A5 /* FNNodeController.h */,
				AA621C8F1C1CF0DA00A1C4A5 /* FNNodeController.m */,
				AA621D421C1CFB4B00A1C4A5 /* FNSettingsWindow.xib */,
				AA621C911C1CF0DA00A1C4A5 /* FNSettingsWindowController.h */,
				AA621C921C1CF0DA00A1C4A5 /* FNSettingsWindowController.m */,
			);
			name = Classes;
			sourceTree = "<group>";
		};
		19C28FACFE9D520D11CA2CBB /* Products */ = {
			isa = PBXGroup;
			children = (
				8D1107320486CEB800E47090 /* FreenetTray.app */,
				AAF73D841C174ABF0006D1E1 /* FreenetTrayTests.xctest */,
			);
			name = Products;
			sourceTree = "<group>";
		};
		29B97314FDCFA39411CA2CEA /* Freenet Controller */ = {
			isa = PBXGroup;
			children = (
				AA2D60691C456B8C0006DC96 /* Translations */,
				AA621C391C1BC46E00A1C4A5 /* .travis.yml */,
				AAD6891C1BD17CF500942738 /* Bundled Node */,
				AAF723EB1BD0D14E003BA438 /* Bundled Packages */,
				080E96DDFE201D6D7F000001 /* Classes */,
				29B97315FDCFA39411CA2CEA /* Other Sources */,
				29B97317FDCFA39411CA2CEA /* Resources */,
				AAF73D851C174ABF0006D1E1 /* FreenetTrayTests */,
				19C28FACFE9D520D11CA2CBB /* Products */,
				B0AC255D9B67BD66B78332CF /* Pods */,
				BAE331AAA011C13AEBBCEB1A /* Frameworks */,
			);
			name = "Freenet Controller";
			sourceTree = "<group>";
		};
		29B97315FDCFA39411CA2CEA /* Other Sources */ = {
			isa = PBXGroup;
			children = (
				AA621CA31C1CF10800A1C4A5 /* FNConstants.h */,
				AA621CA41C1CF10800A1C4A5 /* FNConstants.m */,
				AA621CA51C1CF10800A1C4A5 /* FNProtocols.h */,
				AA621CA71C1CF10800A1C4A5 /* main.m */,
				AA621CB31C1CF14500A1C4A5 /* main.xib */,
				AA621CA61C1CF10800A1C4A5 /* Prefix.pch */,
				AA621CA81C1CF10800A1C4A5 /* TrayIcon.h */,
				AA621CA91C1CF10800A1C4A5 /* TrayIcon.m */,
			);
			name = "Other Sources";
			sourceTree = "<group>";
		};
		29B97317FDCFA39411CA2CEA /* Resources */ = {
			isa = PBXGroup;
			children = (
				AA55DBA21C25CDE000581EEB /* Localizable.strings */,
				AA55DB9C1C25CDDF00581EEB /* InfoPlist.strings */,
				AAE306EE1BF6DEC900C4EC1D /* Acknowledgments.rtf */,
				AA621CB11C1CF13900A1C4A5 /* defaults.plist */,
				AA433BCF109CD2B400EDBB73 /* gpl.txt */,
				AAE306F21BF920EE00C4EC1D /* Images.xcassets */,
				AA621CB71C1CF28900A1C4A5 /* Info.plist */,
				089C165CFE840E0CC02AAC07 /* InfoPlist.strings */,
				AA621CAE1C1CF12B00A1C4A5 /* installer_background.png */,
				AAEF3AED1AD6313800A4B475 /* README.md */,
				AA9BE2ED1C1B774000345C77 /* verify.py */,
				AA93DBF21D5BC02400BE256F /* Changelog.md */,
			);
			name = Resources;
			sourceTree = "<group>";
		};
		AAF723EB1BD0D14E003BA438 /* Bundled Packages */ = {
			isa = PBXGroup;
			children = (
				9F4CCC7E24DF2A0E007680EB /* jre-8u261-macosx-x64.dmg */,
			);
			path = "Bundled Packages";
			sourceTree = "<group>";
		};
		AAF73D851C174ABF0006D1E1 /* FreenetTrayTests */ = {
			isa = PBXGroup;
			children = (
				AA55DBA71C25CDE100581EEB /* InfoPlist.strings */,
				AAF73D861C174ABF0006D1E1 /* FreenetTrayTests.m */,
				AAF73D881C174ABF0006D1E1 /* Info.plist */,
			);
			path = FreenetTrayTests;
			sourceTree = "<group>";
		};
		B0AC255D9B67BD66B78332CF /* Pods */ = {
			isa = PBXGroup;
			children = (
				68AEBD7D14CE0D6148BC212D /* Pods-FreenetTray.debug.xcconfig */,
				BBB6E6DCE1E04E2EBBEC6442 /* Pods-FreenetTray.release.xcconfig */,
			);
			name = Pods;
			sourceTree = "<group>";
		};
		BAE331AAA011C13AEBBCEB1A /* Frameworks */ = {
			isa = PBXGroup;
			children = (
				1F0BF6618371FB2144F9AC5C /* Pods_FreenetTray.framework */,
			);
			name = Frameworks;
			sourceTree = "<group>";
		};
/* End PBXGroup section */

/* Begin PBXNativeTarget section */
		8D1107260486CEB800E47090 /* FreenetTray */ = {
			isa = PBXNativeTarget;
			buildConfigurationList = C01FCF4A08A954540054247B /* Build configuration list for PBXNativeTarget "FreenetTray" */;
			buildPhases = (
				43C81940602C44516802E11D /* [CP] Check Pods Manifest.lock */,
				8D1107290486CEB800E47090 /* Resources */,
				8D11072C0486CEB800E47090 /* Sources */,
				8D11072E0486CEB800E47090 /* Frameworks */,
				AA1E62C00FE21D5E000CEF5F /* CopyFiles */,
				3A12E39D081340D71563C29A /* [CP] Embed Pods Frameworks */,
				1A33EB502486361A42775C74 /* [CP] Copy Pods Resources */,
			);
			buildRules = (
			);
			dependencies = (
			);
			name = FreenetTray;
			productInstallPath = "$(HOME)/Applications";
			productName = FreenetTray;
			productReference = 8D1107320486CEB800E47090 /* FreenetTray.app */;
			productType = "com.apple.product-type.application";
		};
		AAF73D831C174ABF0006D1E1 /* FreenetTrayTests */ = {
			isa = PBXNativeTarget;
			buildConfigurationList = AAF73D8D1C174ABF0006D1E1 /* Build configuration list for PBXNativeTarget "FreenetTrayTests" */;
			buildPhases = (
				AAF73D801C174ABF0006D1E1 /* Sources */,
				AAF73D811C174ABF0006D1E1 /* Frameworks */,
				AAF73D821C174ABF0006D1E1 /* Resources */,
			);
			buildRules = (
			);
			dependencies = (
				AAF73D8A1C174ABF0006D1E1 /* PBXTargetDependency */,
			);
			name = FreenetTrayTests;
			productName = FreenetTrayTests;
			productReference = AAF73D841C174ABF0006D1E1 /* FreenetTrayTests.xctest */;
			productType = "com.apple.product-type.bundle.unit-test";
		};
/* End PBXNativeTarget section */

/* Begin PBXProject section */
		29B97313FDCFA39411CA2CEA /* Project object */ = {
			isa = PBXProject;
			attributes = {
				LastUpgradeCheck = 0820;
				TargetAttributes = {
					8D1107260486CEB800E47090 = {
						ProvisioningStyle = Automatic;
					};
					AAF73D831C174ABF0006D1E1 = {
						CreatedOnToolsVersion = 7.1.1;
						TestTargetID = 8D1107260486CEB800E47090;
					};
				};
			};
			buildConfigurationList = C01FCF4E08A954540054247B /* Build configuration list for PBXProject "FreenetTray" */;
			compatibilityVersion = "Xcode 6.3";
			developmentRegion = English;
			hasScannedForEncodings = 1;
			knownRegions = (
				English,
				en,
				Base,
				"zh-CN",
				"pt-BR",
				"zh-TW",
				"nb-NO",
				it,
				"id-ID",
				hr,
				fr,
				es,
				de,
			);
			mainGroup = 29B97314FDCFA39411CA2CEA /* Freenet Controller */;
			productRefGroup = 19C28FACFE9D520D11CA2CBB /* Products */;
			projectDirPath = "";
			projectRoot = "";
			targets = (
				8D1107260486CEB800E47090 /* FreenetTray */,
				AAF73D831C174ABF0006D1E1 /* FreenetTrayTests */,
			);
		};
/* End PBXProject section */

/* Begin PBXResourcesBuildPhase section */
		8D1107290486CEB800E47090 /* Resources */ = {
			isa = PBXResourcesBuildPhase;
			buildActionMask = 2147483647;
			files = (
				AA93DBF41D5BC18900BE256F /* Changelog.md in Resources */,
				AA621D3D1C1CFB4900A1C4A5 /* FNInstallerWindow.xib in Resources */,
				AA9BE2EE1C1B774000345C77 /* verify.py in Resources */,
				AA621CB21C1CF13900A1C4A5 /* defaults.plist in Resources */,
				AAE306F31BF920EE00C4EC1D /* Images.xcassets in Resources */,
				AA55DB9A1C25CDDF00581EEB /* InfoPlist.strings in Resources */,
				AA621CB41C1CF14500A1C4A5 /* main.xib in Resources */,
				AA621D371C1CFB4500A1C4A5 /* FNInstallerDestinationView.xib in Resources */,
				AA621D3A1C1CFB4700A1C4A5 /* FNInstallerProgressView.xib in Resources */,
				AA621CB01C1CF12B00A1C4A5 /* installer_background.png in Resources */,
				AAD6891D1BD17CF500942738 /* Bundled Node in Resources */,
				AAEF3AEE1AD6313800A4B475 /* README.md in Resources */,
				AA55DBA01C25CDE000581EEB /* Localizable.strings in Resources */,
				AAE306F01BF6DEC900C4EC1D /* Acknowledgments.rtf in Resources */,
				AA621D401C1CFB4B00A1C4A5 /* FNSettingsWindow.xib in Resources */,
				AA433BD1109CD2B400EDBB73 /* gpl.txt in Resources */,
				AA621D341C1CFB4200A1C4A5 /* FNDropdownMenu.xib in Resources */,
			);
			runOnlyForDeploymentPostprocessing = 0;
		};
		AAF73D821C174ABF0006D1E1 /* Resources */ = {
			isa = PBXResourcesBuildPhase;
			buildActionMask = 2147483647;
			files = (
				AA55DBA51C25CDE100581EEB /* InfoPlist.strings in Resources */,
			);
			runOnlyForDeploymentPostprocessing = 0;
		};
/* End PBXResourcesBuildPhase section */

/* Begin PBXShellScriptBuildPhase section */
		1A33EB502486361A42775C74 /* [CP] Copy Pods Resources */ = {
			isa = PBXShellScriptBuildPhase;
			buildActionMask = 2147483647;
			files = (
			);
			inputPaths = (
			);
			name = "[CP] Copy Pods Resources";
			outputPaths = (
			);
			runOnlyForDeploymentPostprocessing = 0;
			shellPath = /bin/sh;
			shellScript = "\"${SRCROOT}/Pods/Target Support Files/Pods-FreenetTray/Pods-FreenetTray-resources.sh\"\n";
			showEnvVarsInLog = 0;
		};
		3A12E39D081340D71563C29A /* [CP] Embed Pods Frameworks */ = {
			isa = PBXShellScriptBuildPhase;
			buildActionMask = 2147483647;
			files = (
			);
			inputPaths = (
				"${SRCROOT}/Pods/Target Support Files/Pods-FreenetTray/Pods-FreenetTray-frameworks.sh",
				"${BUILT_PRODUCTS_DIR}/AFNetworking/AFNetworking.framework",
				"${BUILT_PRODUCTS_DIR}/CocoaAsyncSocket/CocoaAsyncSocket.framework",
				"${BUILT_PRODUCTS_DIR}/DCOAboutWindow/DCOAboutWindow.framework",
				"${BUILT_PRODUCTS_DIR}/DCOTransparentScroller/DCOTransparentScroller.framework",
				"${BUILT_PRODUCTS_DIR}/FontAwesomeIconFactory/FontAwesomeIconFactory.framework",
				"${BUILT_PRODUCTS_DIR}/IYLoginItem/IYLoginItem.framework",
				"${BUILT_PRODUCTS_DIR}/LetsMove/LetsMove.framework",
				"${BUILT_PRODUCTS_DIR}/MHWDirectoryWatcher/MHWDirectoryWatcher.framework",
				"${BUILT_PRODUCTS_DIR}/RegexKitLite/RegexKitLite.framework",
				"${PODS_ROOT}/Sparkle/Sparkle.framework",
				"${PODS_ROOT}/Sparkle/Sparkle.framework.dSYM",
				"${BUILT_PRODUCTS_DIR}/TSMarkdownParser/TSMarkdownParser.framework",
			);
			name = "[CP] Embed Pods Frameworks";
			outputPaths = (
				"${TARGET_BUILD_DIR}/${FRAMEWORKS_FOLDER_PATH}/AFNetworking.framework",
				"${TARGET_BUILD_DIR}/${FRAMEWORKS_FOLDER_PATH}/CocoaAsyncSocket.framework",
				"${TARGET_BUILD_DIR}/${FRAMEWORKS_FOLDER_PATH}/DCOAboutWindow.framework",
				"${TARGET_BUILD_DIR}/${FRAMEWORKS_FOLDER_PATH}/DCOTransparentScroller.framework",
				"${TARGET_BUILD_DIR}/${FRAMEWORKS_FOLDER_PATH}/FontAwesomeIconFactory.framework",
				"${TARGET_BUILD_DIR}/${FRAMEWORKS_FOLDER_PATH}/IYLoginItem.framework",
				"${TARGET_BUILD_DIR}/${FRAMEWORKS_FOLDER_PATH}/LetsMove.framework",
				"${TARGET_BUILD_DIR}/${FRAMEWORKS_FOLDER_PATH}/MHWDirectoryWatcher.framework",
				"${TARGET_BUILD_DIR}/${FRAMEWORKS_FOLDER_PATH}/RegexKitLite.framework",
				"${TARGET_BUILD_DIR}/${FRAMEWORKS_FOLDER_PATH}/Sparkle.framework",
				"${DWARF_DSYM_FOLDER_PATH}/Sparkle.framework.dSYM",
				"${TARGET_BUILD_DIR}/${FRAMEWORKS_FOLDER_PATH}/TSMarkdownParser.framework",
			);
			runOnlyForDeploymentPostprocessing = 0;
			shellPath = /bin/sh;
			shellScript = "\"${SRCROOT}/Pods/Target Support Files/Pods-FreenetTray/Pods-FreenetTray-frameworks.sh\"\n";
			showEnvVarsInLog = 0;
		};
		43C81940602C44516802E11D /* [CP] Check Pods Manifest.lock */ = {
			isa = PBXShellScriptBuildPhase;
			buildActionMask = 2147483647;
			files = (
			);
			inputPaths = (
				"${PODS_PODFILE_DIR_PATH}/Podfile.lock",
				"${PODS_ROOT}/Manifest.lock",
			);
			name = "[CP] Check Pods Manifest.lock";
			outputPaths = (
				"$(DERIVED_FILE_DIR)/Pods-FreenetTray-checkManifestLockResult.txt",
			);
			runOnlyForDeploymentPostprocessing = 0;
			shellPath = /bin/sh;
			shellScript = "diff \"${PODS_PODFILE_DIR_PATH}/Podfile.lock\" \"${PODS_ROOT}/Manifest.lock\" > /dev/null\nif [ $? != 0 ] ; then\n    # print error to STDERR\n    echo \"error: The sandbox is not in sync with the Podfile.lock. Run 'pod install' or update your CocoaPods installation.\" >&2\n    exit 1\nfi\n# This output is used by Xcode 'outputs' to avoid re-running this script phase.\necho \"SUCCESS\" > \"${SCRIPT_OUTPUT_FILE_0}\"\n";
			showEnvVarsInLog = 0;
		};
/* End PBXShellScriptBuildPhase section */

/* Begin PBXSourcesBuildPhase section */
		8D11072C0486CEB800E47090 /* Sources */ = {
			isa = PBXSourcesBuildPhase;
			buildActionMask = 2147483647;
			files = (
				AA621C9B1C1CF0DA00A1C4A5 /* FNInstallerDestinationViewController.m in Sources */,
				AA621C951C1CF0DA00A1C4A5 /* FNConfigParser.m in Sources */,
				AA621CA21C1CF0DA00A1C4A5 /* FNSettingsWindowController.m in Sources */,
				AA621C9F1C1CF0DA00A1C4A5 /* FNInstallerWindowController.m in Sources */,
				AA621CAC1C1CF10800A1C4A5 /* TrayIcon.m in Sources */,
				AA621C941C1CF0DA00A1C4A5 /* FNBrowser.m in Sources */,
				AA621C971C1CF0DA00A1C4A5 /* FNDropdownMenuController.m in Sources */,
				AA621CAB1C1CF10800A1C4A5 /* main.m in Sources */,
				AA621CAA1C1CF10800A1C4A5 /* FNConstants.m in Sources */,
				AA621C931C1CF0DA00A1C4A5 /* FNAppDelegate.m in Sources */,
				AA621C9D1C1CF0DA00A1C4A5 /* FNInstallerProgressViewController.m in Sources */,
				AA621CA01C1CF0DA00A1C4A5 /* FNNodeController.m in Sources */,
				AA621C991C1CF0DA00A1C4A5 /* FNHelpers.m in Sources */,
				AA621C981C1CF0DA00A1C4A5 /* FNFCPWrapper.m in Sources */,
				AA93DBF31D5BC02400BE256F /* Changelog.md in Sources */,
			);
			runOnlyForDeploymentPostprocessing = 0;
		};
		AAF73D801C174ABF0006D1E1 /* Sources */ = {
			isa = PBXSourcesBuildPhase;
			buildActionMask = 2147483647;
			files = (
				AAF73D871C174ABF0006D1E1 /* FreenetTrayTests.m in Sources */,
			);
			runOnlyForDeploymentPostprocessing = 0;
		};
/* End PBXSourcesBuildPhase section */

/* Begin PBXTargetDependency section */
		AAF73D8A1C174ABF0006D1E1 /* PBXTargetDependency */ = {
			isa = PBXTargetDependency;
			target = 8D1107260486CEB800E47090 /* FreenetTray */;
			targetProxy = AAF73D891C174ABF0006D1E1 /* PBXContainerItemProxy */;
		};
/* End PBXTargetDependency section */

/* Begin PBXVariantGroup section */
		089C165CFE840E0CC02AAC07 /* InfoPlist.strings */ = {
			isa = PBXVariantGroup;
			children = (
				089C165DFE840E0CC02AAC07 /* English */,
			);
			name = InfoPlist.strings;
			sourceTree = "<group>";
		};
		AA55DB9C1C25CDDF00581EEB /* InfoPlist.strings */ = {
			isa = PBXVariantGroup;
			children = (
				AA55DB9B1C25CDDF00581EEB /* zh-CN */,
				AA55DBAC1C25E6CE00581EEB /* pt-BR */,
				AABF7F351C9FA69D006F1F40 /* zh-TW */,
				AABF7F3C1C9FA846006F1F40 /* nb-NO */,
				AABF7F441C9FA8A1006F1F40 /* it */,
				AABF7F4D1C9FA8D5006F1F40 /* id-ID */,
				AABF7F551C9FA8F9006F1F40 /* hr */,
				AABF7F5D1C9FA92C006F1F40 /* fr */,
				AABF7F641C9FA958006F1F40 /* es */,
				AABF7F6D1C9FA978006F1F40 /* de */,
			);
			name = InfoPlist.strings;
			path = FreenetTray;
			sourceTree = "<group>";
		};
		AA55DBA21C25CDE000581EEB /* Localizable.strings */ = {
			isa = PBXVariantGroup;
			children = (
				AA55DBA11C25CDE000581EEB /* zh-CN */,
				AA55DBAE1C25E6CF00581EEB /* pt-BR */,
				AABF7F371C9FA69D006F1F40 /* zh-TW */,
				AABF7F3F1C9FA847006F1F40 /* nb-NO */,
				AABF7F471C9FA8A2006F1F40 /* it */,
				AABF7F4F1C9FA8D5006F1F40 /* id-ID */,
				AABF7F571C9FA8F9006F1F40 /* hr */,
				AABF7F5F1C9FA92D006F1F40 /* fr */,
				AABF7F671C9FA958006F1F40 /* es */,
				AABF7F6F1C9FA978006F1F40 /* de */,
			);
			name = Localizable.strings;
			path = FreenetTray;
			sourceTree = "<group>";
		};
		AA55DBA71C25CDE100581EEB /* InfoPlist.strings */ = {
			isa = PBXVariantGroup;
			children = (
				AA55DBA61C25CDE100581EEB /* zh-CN */,
				AA55DBAF1C25E6CF00581EEB /* pt-BR */,
				AABF7F381C9FA69D006F1F40 /* zh-TW */,
				AABF7F401C9FA847006F1F40 /* nb-NO */,
				AABF7F481C9FA8A2006F1F40 /* it */,
				AABF7F501C9FA8D6006F1F40 /* id-ID */,
				AABF7F581C9FA8FA006F1F40 /* hr */,
				AABF7F601C9FA92D006F1F40 /* fr */,
				AABF7F681C9FA959006F1F40 /* es */,
				AABF7F701C9FA978006F1F40 /* de */,
			);
			name = InfoPlist.strings;
			sourceTree = "<group>";
		};
		AA621D361C1CFB4200A1C4A5 /* FNDropdownMenu.xib */ = {
			isa = PBXVariantGroup;
			children = (
				AA621D431C1CFB5A00A1C4A5 /* Base */,
				AA55DB941C25CDDE00581EEB /* zh-CN */,
				AA55DBA81C25E6CE00581EEB /* pt-BR */,
				AABF7F311C9FA69C006F1F40 /* zh-TW */,
				AABF7F391C9FA845006F1F40 /* nb-NO */,
				AABF7F411C9FA8A1006F1F40 /* it */,
				AABF7F491C9FA8D4006F1F40 /* id-ID */,
				AABF7F511C9FA8F8006F1F40 /* hr */,
				AABF7F591C9FA92C006F1F40 /* fr */,
				AABF7F611C9FA958006F1F40 /* es */,
				AABF7F691C9FA977006F1F40 /* de */,
			);
			name = FNDropdownMenu.xib;
			path = FreenetTray;
			sourceTree = "<group>";
		};
		AA621D391C1CFB4500A1C4A5 /* FNInstallerDestinationView.xib */ = {
			isa = PBXVariantGroup;
			children = (
				AA621D441C1CFB5B00A1C4A5 /* Base */,
				AA55DB961C25CDDF00581EEB /* zh-CN */,
				AA55DBAA1C25E6CE00581EEB /* pt-BR */,
				AABF7F331C9FA69C006F1F40 /* zh-TW */,
				AABF7F3A1C9FA845006F1F40 /* nb-NO */,
				AABF7F421C9FA8A1006F1F40 /* it */,
				AABF7F4A1C9FA8D5006F1F40 /* id-ID */,
				AABF7F531C9FA8F9006F1F40 /* hr */,
				AABF7F5B1C9FA92C006F1F40 /* fr */,
				AABF7F621C9FA958006F1F40 /* es */,
				AABF7F6A1C9FA977006F1F40 /* de */,
			);
			name = FNInstallerDestinationView.xib;
			path = FreenetTray;
			sourceTree = "<group>";
		};
		AA621D3C1C1CFB4700A1C4A5 /* FNInstallerProgressView.xib */ = {
			isa = PBXVariantGroup;
			children = (
				AA621D451C1CFB5B00A1C4A5 /* Base */,
				AA55DB951C25CDDE00581EEB /* zh-CN */,
				AA55DBA91C25E6CE00581EEB /* pt-BR */,
				AABF7F321C9FA69C006F1F40 /* zh-TW */,
				AABF7F3B1C9FA845006F1F40 /* nb-NO */,
				AABF7F431C9FA8A1006F1F40 /* it */,
				AABF7F4B1C9FA8D5006F1F40 /* id-ID */,
				AABF7F521C9FA8F8006F1F40 /* hr */,
				AABF7F5A1C9FA92C006F1F40 /* fr */,
				AABF7F631C9FA958006F1F40 /* es */,
				AABF7F6B1C9FA977006F1F40 /* de */,
			);
			name = FNInstallerProgressView.xib;
			path = FreenetTray;
			sourceTree = "<group>";
		};
		AA621D3F1C1CFB4900A1C4A5 /* FNInstallerWindow.xib */ = {
			isa = PBXVariantGroup;
			children = (
				AA621D461C1CFB5B00A1C4A5 /* Base */,
				AA55DB9D1C25CDE000581EEB /* zh-CN */,
				AA55DBAD1C25E6CE00581EEB /* pt-BR */,
				AABF7F361C9FA69D006F1F40 /* zh-TW */,
				AABF7F3D1C9FA846006F1F40 /* nb-NO */,
				AABF7F461C9FA8A2006F1F40 /* it */,
				AABF7F4E1C9FA8D5006F1F40 /* id-ID */,
				AABF7F561C9FA8F9006F1F40 /* hr */,
				AABF7F5E1C9FA92D006F1F40 /* fr */,
				AABF7F651C9FA958006F1F40 /* es */,
				AABF7F6E1C9FA978006F1F40 /* de */,
			);
			name = FNInstallerWindow.xib;
			path = FreenetTray;
			sourceTree = "<group>";
		};
		AA621D421C1CFB4B00A1C4A5 /* FNSettingsWindow.xib */ = {
			isa = PBXVariantGroup;
			children = (
				AA621D471C1CFB5B00A1C4A5 /* Base */,
				AA55DB971C25CDDF00581EEB /* zh-CN */,
				AA55DBAB1C25E6CE00581EEB /* pt-BR */,
				AABF7F341C9FA69C006F1F40 /* zh-TW */,
				AABF7F3E1C9FA846006F1F40 /* nb-NO */,
				AABF7F451C9FA8A1006F1F40 /* it */,
				AABF7F4C1C9FA8D5006F1F40 /* id-ID */,
				AABF7F541C9FA8F9006F1F40 /* hr */,
				AABF7F5C1C9FA92C006F1F40 /* fr */,
				AABF7F661C9FA958006F1F40 /* es */,
				AABF7F6C1C9FA977006F1F40 /* de */,
			);
			name = FNSettingsWindow.xib;
			path = FreenetTray;
			sourceTree = "<group>";
		};
/* End PBXVariantGroup section */

/* Begin XCBuildConfiguration section */
		AAF73D8B1C174ABF0006D1E1 /* Debug */ = {
			isa = XCBuildConfiguration;
			buildSettings = {
				ALWAYS_SEARCH_USER_PATHS = NO;
				BUNDLE_LOADER = "$(TEST_HOST)";
				CLANG_CXX_LANGUAGE_STANDARD = "gnu++0x";
				CLANG_CXX_LIBRARY = "libc++";
				CLANG_ENABLE_OBJC_ARC = YES;
				CODE_SIGN_IDENTITY = "-";
				COMBINE_HIDPI_IMAGES = YES;
				COPY_PHASE_STRIP = NO;
				DEBUG_INFORMATION_FORMAT = dwarf;
				ENABLE_TESTABILITY = YES;
				GCC_C_LANGUAGE_STANDARD = gnu99;
				GCC_DYNAMIC_NO_PIC = NO;
				GCC_NO_COMMON_BLOCKS = YES;
				GCC_PREPROCESSOR_DEFINITIONS = (
					"DEBUG=1",
					"$(inherited)",
				);
				INFOPLIST_FILE = FreenetTrayTests/Info.plist;
				LD_RUNPATH_SEARCH_PATHS = "$(inherited) @executable_path/../Frameworks @loader_path/../Frameworks";
				MACOSX_DEPLOYMENT_TARGET = 10.11;
				MTL_ENABLE_DEBUG_INFO = YES;
				PRODUCT_BUNDLE_IDENTIFIER = org.freenetproject.FreenetTrayTests;
				PRODUCT_NAME = "$(TARGET_NAME)";
				TEST_HOST = "$(BUILT_PRODUCTS_DIR)/FreenetTray.app/Contents/MacOS/FreenetTray";
			};
			name = Debug;
		};
		AAF73D8C1C174ABF0006D1E1 /* Release */ = {
			isa = XCBuildConfiguration;
			buildSettings = {
				ALWAYS_SEARCH_USER_PATHS = NO;
				BUNDLE_LOADER = "$(TEST_HOST)";
				CLANG_CXX_LANGUAGE_STANDARD = "gnu++0x";
				CLANG_CXX_LIBRARY = "libc++";
				CLANG_ENABLE_OBJC_ARC = YES;
				CODE_SIGN_IDENTITY = "-";
				COMBINE_HIDPI_IMAGES = YES;
				COPY_PHASE_STRIP = NO;
				DEBUG_INFORMATION_FORMAT = "dwarf-with-dsym";
				ENABLE_NS_ASSERTIONS = NO;
				GCC_C_LANGUAGE_STANDARD = gnu99;
				GCC_NO_COMMON_BLOCKS = YES;
				INFOPLIST_FILE = FreenetTrayTests/Info.plist;
				LD_RUNPATH_SEARCH_PATHS = "$(inherited) @executable_path/../Frameworks @loader_path/../Frameworks";
				MACOSX_DEPLOYMENT_TARGET = 10.11;
				MTL_ENABLE_DEBUG_INFO = NO;
				PRODUCT_BUNDLE_IDENTIFIER = org.freenetproject.FreenetTrayTests;
				PRODUCT_NAME = "$(TARGET_NAME)";
				TEST_HOST = "$(BUILT_PRODUCTS_DIR)/FreenetTray.app/Contents/MacOS/FreenetTray";
			};
			name = Release;
		};
		C01FCF4B08A954540054247B /* Debug */ = {
			isa = XCBuildConfiguration;
			baseConfigurationReference = 68AEBD7D14CE0D6148BC212D /* Pods-FreenetTray.debug.xcconfig */;
			buildSettings = {
				ALWAYS_SEARCH_USER_PATHS = NO;
				ASSETCATALOG_COMPILER_APPICON_NAME = AppIcon;
				CLANG_ENABLE_MODULES = YES;
				CLANG_ENABLE_OBJC_ARC = YES;
				CODE_SIGN_IDENTITY = "-";
				COMBINE_HIDPI_IMAGES = YES;
				COPY_PHASE_STRIP = NO;
				CURRENT_PROJECT_VERSION = 2.2.0;
				DEBUG_INFORMATION_FORMAT = "dwarf-with-dsym";
				DEVELOPMENT_TEAM = "";
				FRAMEWORK_SEARCH_PATHS = "$(inherited)";
				GCC_DYNAMIC_NO_PIC = NO;
				GCC_ENABLE_FIX_AND_CONTINUE = YES;
				GCC_MODEL_TUNING = G5;
				GCC_OPTIMIZATION_LEVEL = 0;
				GCC_PRECOMPILE_PREFIX_HEADER = YES;
				GCC_PREFIX_HEADER = FreenetTray/Prefix.pch;
				GCC_SYMBOLS_PRIVATE_EXTERN = NO;
				HEADER_SEARCH_PATHS = "$(inherited)";
				INFOPLIST_FILE = FreenetTray/Info.plist;
				INSTALL_PATH = "$(HOME)/Applications";
				LD_RUNPATH_SEARCH_PATHS = "${inherited} @executable_path/../Frameworks";
				MACOSX_DEPLOYMENT_TARGET = 10.8;
				PRODUCT_BUNDLE_IDENTIFIER = org.freenetproject.mactray;
				PRODUCT_NAME = FreenetTray;
				SDKROOT = macosx;
			};
			name = Debug;
		};
		C01FCF4C08A954540054247B /* Release */ = {
			isa = XCBuildConfiguration;
			baseConfigurationReference = BBB6E6DCE1E04E2EBBEC6442 /* Pods-FreenetTray.release.xcconfig */;
			buildSettings = {
				ALWAYS_SEARCH_USER_PATHS = NO;
				ASSETCATALOG_COMPILER_APPICON_NAME = AppIcon;
				CLANG_ENABLE_MODULES = YES;
				CLANG_ENABLE_OBJC_ARC = YES;
				CODE_SIGN_IDENTITY = "-";
				COMBINE_HIDPI_IMAGES = YES;
				CURRENT_PROJECT_VERSION = 2.2.0;
				DEBUG_INFORMATION_FORMAT = "dwarf-with-dsym";
				DEVELOPMENT_TEAM = "";
				FRAMEWORK_SEARCH_PATHS = "$(inherited)";
				GCC_DYNAMIC_NO_PIC = NO;
				GCC_MODEL_TUNING = G5;
				GCC_OPTIMIZATION_LEVEL = s;
				GCC_PRECOMPILE_PREFIX_HEADER = YES;
				GCC_PREFIX_HEADER = FreenetTray/Prefix.pch;
				GCC_SYMBOLS_PRIVATE_EXTERN = NO;
				GCC_VERSION = "";
				HEADER_SEARCH_PATHS = "$(inherited)";
				INFOPLIST_FILE = FreenetTray/Info.plist;
				INSTALL_PATH = "$(HOME)/Applications";
				LD_RUNPATH_SEARCH_PATHS = "${inherited} @executable_path/../Frameworks";
				MACOSX_DEPLOYMENT_TARGET = 10.8;
				PRODUCT_BUNDLE_IDENTIFIER = org.freenetproject.mactray;
				PRODUCT_NAME = FreenetTray;
				SDKROOT = macosx;
			};
			name = Release;
		};
		C01FCF4F08A954540054247B /* Debug */ = {
			isa = XCBuildConfiguration;
			buildSettings = {
				CLANG_ANALYZER_LOCALIZABILITY_NONLOCALIZED = YES;
				CLANG_ENABLE_MODULES = YES;
				CLANG_WARN_BOOL_CONVERSION = YES;
				CLANG_WARN_CONSTANT_CONVERSION = YES;
				CLANG_WARN_DIRECT_OBJC_ISA_USAGE = YES_ERROR;
				CLANG_WARN_EMPTY_BODY = YES;
				CLANG_WARN_ENUM_CONVERSION = YES;
				CLANG_WARN_INFINITE_RECURSION = YES;
				CLANG_WARN_INT_CONVERSION = YES;
				CLANG_WARN_OBJC_ROOT_CLASS = YES_ERROR;
				CLANG_WARN_SUSPICIOUS_MOVE = YES;
				CLANG_WARN_UNREACHABLE_CODE = YES;
				CLANG_WARN__DUPLICATE_METHOD_MATCH = YES;
				CURRENT_PROJECT_VERSION = 2.2.0;
				ENABLE_STRICT_OBJC_MSGSEND = YES;
				ENABLE_TESTABILITY = YES;
				GCC_C_LANGUAGE_STANDARD = c99;
				GCC_NO_COMMON_BLOCKS = YES;
				GCC_OPTIMIZATION_LEVEL = 0;
				GCC_WARN_64_TO_32_BIT_CONVERSION = YES;
				GCC_WARN_ABOUT_MISSING_NEWLINE = NO;
				GCC_WARN_ABOUT_RETURN_TYPE = YES_ERROR;
				GCC_WARN_MISSING_PARENTHESES = YES;
				GCC_WARN_UNDECLARED_SELECTOR = YES;
				GCC_WARN_UNINITIALIZED_AUTOS = YES_AGGRESSIVE;
				GCC_WARN_UNUSED_FUNCTION = YES;
				GCC_WARN_UNUSED_LABEL = NO;
				GCC_WARN_UNUSED_PARAMETER = NO;
				GCC_WARN_UNUSED_VALUE = YES;
				GCC_WARN_UNUSED_VARIABLE = YES;
				HEADER_SEARCH_PATHS = (
					"$(inherited)",
					/Applications/Xcode.app/Contents/Developer/Toolchains/XcodeDefault.xctoolchain/usr/include,
				);
				MACOSX_DEPLOYMENT_TARGET = 10.8;
				ONLY_ACTIVE_ARCH = YES;
				OTHER_CFLAGS = "-DDEBUG=1";
				PREBINDING = NO;
				SDKROOT = macosx;
			};
			name = Debug;
		};
		C01FCF5008A954540054247B /* Release */ = {
			isa = XCBuildConfiguration;
			buildSettings = {
				CLANG_ANALYZER_LOCALIZABILITY_NONLOCALIZED = YES;
				CLANG_ENABLE_MODULES = YES;
				CLANG_WARN_BOOL_CONVERSION = YES;
				CLANG_WARN_CONSTANT_CONVERSION = YES;
				CLANG_WARN_DIRECT_OBJC_ISA_USAGE = YES_ERROR;
				CLANG_WARN_EMPTY_BODY = YES;
				CLANG_WARN_ENUM_CONVERSION = YES;
				CLANG_WARN_INFINITE_RECURSION = YES;
				CLANG_WARN_INT_CONVERSION = YES;
				CLANG_WARN_OBJC_ROOT_CLASS = YES_ERROR;
				CLANG_WARN_SUSPICIOUS_MOVE = YES;
				CLANG_WARN_UNREACHABLE_CODE = YES;
				CLANG_WARN__DUPLICATE_METHOD_MATCH = YES;
				CURRENT_PROJECT_VERSION = 2.2.0;
				ENABLE_STRICT_OBJC_MSGSEND = YES;
				GCC_C_LANGUAGE_STANDARD = c99;
				GCC_NO_COMMON_BLOCKS = YES;
				GCC_VERSION = "";
				GCC_WARN_64_TO_32_BIT_CONVERSION = YES;
				GCC_WARN_ABOUT_MISSING_NEWLINE = NO;
				GCC_WARN_ABOUT_RETURN_TYPE = YES_ERROR;
				GCC_WARN_MISSING_PARENTHESES = YES;
				GCC_WARN_UNDECLARED_SELECTOR = YES;
				GCC_WARN_UNINITIALIZED_AUTOS = YES_AGGRESSIVE;
				GCC_WARN_UNUSED_FUNCTION = YES;
				GCC_WARN_UNUSED_LABEL = NO;
				GCC_WARN_UNUSED_PARAMETER = NO;
				GCC_WARN_UNUSED_VALUE = YES;
				GCC_WARN_UNUSED_VARIABLE = YES;
				HEADER_SEARCH_PATHS = (
					"$(inherited)",
					/Applications/Xcode.app/Contents/Developer/Toolchains/XcodeDefault.xctoolchain/usr/include,
				);
				MACOSX_DEPLOYMENT_TARGET = 10.8;
				ONLY_ACTIVE_ARCH = NO;
				PREBINDING = NO;
				SDKROOT = macosx;
				SKIP_INSTALL = NO;
			};
			name = Release;
		};
/* End XCBuildConfiguration section */

/* Begin XCConfigurationList section */
		AAF73D8D1C174ABF0006D1E1 /* Build configuration list for PBXNativeTarget "FreenetTrayTests" */ = {
			isa = XCConfigurationList;
			buildConfigurations = (
				AAF73D8B1C174ABF0006D1E1 /* Debug */,
				AAF73D8C1C174ABF0006D1E1 /* Release */,
			);
			defaultConfigurationIsVisible = 0;
			defaultConfigurationName = Release;
		};
		C01FCF4A08A954540054247B /* Build configuration list for PBXNativeTarget "FreenetTray" */ = {
			isa = XCConfigurationList;
			buildConfigurations = (
				C01FCF4B08A954540054247B /* Debug */,
				C01FCF4C08A954540054247B /* Release */,
			);
			defaultConfigurationIsVisible = 0;
			defaultConfigurationName = Release;
		};
		C01FCF4E08A954540054247B /* Build configuration list for PBXProject "FreenetTray" */ = {
			isa = XCConfigurationList;
			buildConfigurations = (
				C01FCF4F08A954540054247B /* Debug */,
				C01FCF5008A954540054247B /* Release */,
			);
			defaultConfigurationIsVisible = 0;
			defaultConfigurationName = Release;
		};
/* End XCConfigurationList section */
	};
	rootObject = 29B97313FDCFA39411CA2CEA /* Project object */;
}
